// !$*UTF8*$!
{
	archiveVersion = 1;
	classes = {
	};
	objectVersion = 52;
	objects = {

/* Begin PBXBuildFile section */
		0646249B205F026300072191 /* NotificationCenter.framework in Frameworks */ = {isa = PBXBuildFile; fileRef = 0646249A205F026300072191 /* NotificationCenter.framework */; };
		0646249E205F026300072191 /* TodayViewController.swift in Sources */ = {isa = PBXBuildFile; fileRef = 0646249D205F026300072191 /* TodayViewController.swift */; };
		064624A1205F026300072191 /* MainInterface.storyboard in Resources */ = {isa = PBXBuildFile; fileRef = 0646249F205F026300072191 /* MainInterface.storyboard */; };
		064624A5205F026300072191 /* Example_Extension.appex in Embed Foundation Extensions */ = {isa = PBXBuildFile; fileRef = 06462499205F026300072191 /* Example_Extension.appex */; settings = {ATTRIBUTES = (RemoveHeadersOnCopy, ); }; };
		9F265BD11F9AC69300DC14BF /* Assets.xcassets in Resources */ = {isa = PBXBuildFile; fileRef = 9F265BC91F9AC69300DC14BF /* Assets.xcassets */; };
		9F265BD31F9AC69300DC14BF /* LaunchScreen.storyboard in Resources */ = {isa = PBXBuildFile; fileRef = 9F265BCB1F9AC69300DC14BF /* LaunchScreen.storyboard */; };
		9F265BD41F9AC69300DC14BF /* Main.storyboard in Resources */ = {isa = PBXBuildFile; fileRef = 9F265BCD1F9AC69300DC14BF /* Main.storyboard */; };
		9F265BD51F9AC69300DC14BF /* AppDelegate.swift in Sources */ = {isa = PBXBuildFile; fileRef = 9F265BCF1F9AC69300DC14BF /* AppDelegate.swift */; };
		9FD378231FB7C6F800436204 /* LoginViewController.swift in Sources */ = {isa = PBXBuildFile; fileRef = 9FD378221FB7C6F800436204 /* LoginViewController.swift */; };
		F8301B532982F8A600D0B05A /* MockAuthStateManager.swift in Sources */ = {isa = PBXBuildFile; fileRef = F8301B522982F8A600D0B05A /* MockAuthStateManager.swift */; };
		F8301B552982FAD600D0B05A /* AppAuthMocks.swift in Sources */ = {isa = PBXBuildFile; fileRef = F8301B542982FAD600D0B05A /* AppAuthMocks.swift */; };
		F8301B57298301D900D0B05A /* Stubs.swift in Sources */ = {isa = PBXBuildFile; fileRef = F8301B56298301D900D0B05A /* Stubs.swift */; };
		F8301B5B298302DE00D0B05A /* Fakes.swift in Sources */ = {isa = PBXBuildFile; fileRef = F8301B5A298302DE00D0B05A /* Fakes.swift */; };
		F8301B5D298303B100D0B05A /* SpyNavigationController.swift in Sources */ = {isa = PBXBuildFile; fileRef = F8301B5C298303B100D0B05A /* SpyNavigationController.swift */; };
		F8301B672983068800D0B05A /* openid-configuration.json in Resources */ = {isa = PBXBuildFile; fileRef = F8301B662983068800D0B05A /* openid-configuration.json */; };
		F8301B692983069C00D0B05A /* empty.json in Resources */ = {isa = PBXBuildFile; fileRef = F8301B682983069C00D0B05A /* empty.json */; };
		F8301B6B298306A400D0B05A /* error.json in Resources */ = {isa = PBXBuildFile; fileRef = F8301B6A298306A400D0B05A /* error.json */; };
		F8301B6D298306BC00D0B05A /* token.json in Resources */ = {isa = PBXBuildFile; fileRef = F8301B6C298306BC00D0B05A /* token.json */; };
		F8301B702983072400D0B05A /* OAuthClientTests.swift in Sources */ = {isa = PBXBuildFile; fileRef = F8301B6F2983072400D0B05A /* OAuthClientTests.swift */; };
		F8939AA629428B2F0074C71A /* DashboardVIewControllerTests.swift in Sources */ = {isa = PBXBuildFile; fileRef = F8939AA529428B2F0074C71A /* DashboardVIewControllerTests.swift */; };
		F8939AC12949249C0074C71A /* AppAuth.xcframework in Frameworks */ = {isa = PBXBuildFile; fileRef = F8AAA47D28F75E8C005BB4C1 /* AppAuth.xcframework */; };
		F8A06855295E38210039C2FC /* LoginViewModel.swift in Sources */ = {isa = PBXBuildFile; fileRef = F8A06854295E381F0039C2FC /* LoginViewModel.swift */; };
		F8A06857295E384D0039C2FC /* DashboardViewModel.swift in Sources */ = {isa = PBXBuildFile; fileRef = F8A06856295E384D0039C2FC /* DashboardViewModel.swift */; };
		F8AAA48828F75F35005BB4C1 /* AppAuthCore.xcframework in Frameworks */ = {isa = PBXBuildFile; fileRef = F8AAA48128F75E94005BB4C1 /* AppAuthCore.xcframework */; };
		F8AAA48B28F75F39005BB4C1 /* AppAuth.xcframework in Frameworks */ = {isa = PBXBuildFile; fileRef = F8AAA47D28F75E8C005BB4C1 /* AppAuth.xcframework */; };
		F8B3B1112968A65600DFB033 /* AuthConfig.swift in Sources */ = {isa = PBXBuildFile; fileRef = F8B3B1102968A65600DFB033 /* AuthConfig.swift */; };
		F8B3B1172968A77A00DFB033 /* Extensions.swift in Sources */ = {isa = PBXBuildFile; fileRef = F8B3B1162968A77A00DFB033 /* Extensions.swift */; };
		F8B3B11D2968AA7300DFB033 /* Coordinator.swift in Sources */ = {isa = PBXBuildFile; fileRef = F8B3B11A2968AA7300DFB033 /* Coordinator.swift */; };
		F8B3B11E2968AA7300DFB033 /* AppCoordinator.swift in Sources */ = {isa = PBXBuildFile; fileRef = F8B3B11B2968AA7300DFB033 /* AppCoordinator.swift */; };
		F8B3B11F2968AA7300DFB033 /* BaseCoordinator.swift in Sources */ = {isa = PBXBuildFile; fileRef = F8B3B11C2968AA7300DFB033 /* BaseCoordinator.swift */; };
		F8B3B1252968AB2100DFB033 /* AuthRequestManager.swift in Sources */ = {isa = PBXBuildFile; fileRef = F8B3B1202968AB2100DFB033 /* AuthRequestManager.swift */; };
		F8B3B1262968AB2100DFB033 /* AuthStateManager.swift in Sources */ = {isa = PBXBuildFile; fileRef = F8B3B1212968AB2100DFB033 /* AuthStateManager.swift */; };
		F8B3B1272968AB2100DFB033 /* ActivityIndicator.swift in Sources */ = {isa = PBXBuildFile; fileRef = F8B3B1222968AB2100DFB033 /* ActivityIndicator.swift */; };
		F8B3B1282968AB2100DFB033 /* AuthenticationManager.swift in Sources */ = {isa = PBXBuildFile; fileRef = F8B3B1232968AB2100DFB033 /* AuthenticationManager.swift */; };
		F8B3B1292968AB2100DFB033 /* WebServiceManager.swift in Sources */ = {isa = PBXBuildFile; fileRef = F8B3B1242968AB2100DFB033 /* WebServiceManager.swift */; };
		F8B3B12B2968AB7F00DFB033 /* LoginCoordinator.swift in Sources */ = {isa = PBXBuildFile; fileRef = F8B3B12A2968AB7F00DFB033 /* LoginCoordinator.swift */; };
		F8B42DDD28C7E4D600CC93EA /* DashboardViewController.swift in Sources */ = {isa = PBXBuildFile; fileRef = F8B42DDC28C7E4D600CC93EA /* DashboardViewController.swift */; };
		F8B60B06292D420A00F0C865 /* LogoutOptionsController.swift in Sources */ = {isa = PBXBuildFile; fileRef = F8B60B03292D420A00F0C865 /* LogoutOptionsController.swift */; };
		F8B60B08292D551900F0C865 /* LogoutOptionsControllerCell.swift in Sources */ = {isa = PBXBuildFile; fileRef = F8B60B07292D551900F0C865 /* LogoutOptionsControllerCell.swift */; };
		F8FA8F272968AC1C0003F537 /* BaseViewModel.swift in Sources */ = {isa = PBXBuildFile; fileRef = F8FA8F252968AC1C0003F537 /* BaseViewModel.swift */; };
		F8FA8F2B2968ACFF0003F537 /* DashboardCoordinator.swift in Sources */ = {isa = PBXBuildFile; fileRef = F8FA8F2A2968ACFF0003F537 /* DashboardCoordinator.swift */; };
		F8FA8F342968ADB80003F537 /* AuthError.swift in Sources */ = {isa = PBXBuildFile; fileRef = F8FA8F302968ADB80003F537 /* AuthError.swift */; };
		F8FA8F382968ADD00003F537 /* TextConstants.swift in Sources */ = {isa = PBXBuildFile; fileRef = F8FA8F362968ADD00003F537 /* TextConstants.swift */; };
		F8FA8F392968ADD00003F537 /* StyleConstants.swift in Sources */ = {isa = PBXBuildFile; fileRef = F8FA8F372968ADD00003F537 /* StyleConstants.swift */; };
/* End PBXBuildFile section */

/* Begin PBXContainerItemProxy section */
		064624A3205F026300072191 /* PBXContainerItemProxy */ = {
			isa = PBXContainerItemProxy;
			containerPortal = 9F265B8F1F9AC5D600DC14BF /* Project object */;
			proxyType = 1;
			remoteGlobalIDString = 06462498205F026300072191;
			remoteInfo = Example_Extension;
		};
		F8939AA729428B2F0074C71A /* PBXContainerItemProxy */ = {
			isa = PBXContainerItemProxy;
			containerPortal = 9F265B8F1F9AC5D600DC14BF /* Project object */;
			proxyType = 1;
			remoteGlobalIDString = 9F265B961F9AC5D600DC14BF;
			remoteInfo = Example;
		};
/* End PBXContainerItemProxy section */

/* Begin PBXCopyFilesBuildPhase section */
		064624A9205F026300072191 /* Embed Foundation Extensions */ = {
			isa = PBXCopyFilesBuildPhase;
			buildActionMask = 2147483647;
			dstPath = "";
			dstSubfolderSpec = 13;
			files = (
				064624A5205F026300072191 /* Example_Extension.appex in Embed Foundation Extensions */,
			);
			name = "Embed Foundation Extensions";
			runOnlyForDeploymentPostprocessing = 0;
		};
/* End PBXCopyFilesBuildPhase section */

/* Begin PBXFileReference section */
		06462499205F026300072191 /* Example_Extension.appex */ = {isa = PBXFileReference; explicitFileType = "wrapper.app-extension"; includeInIndex = 0; path = Example_Extension.appex; sourceTree = BUILT_PRODUCTS_DIR; };
		0646249A205F026300072191 /* NotificationCenter.framework */ = {isa = PBXFileReference; lastKnownFileType = wrapper.framework; name = NotificationCenter.framework; path = System/Library/Frameworks/NotificationCenter.framework; sourceTree = SDKROOT; };
		0646249D205F026300072191 /* TodayViewController.swift */ = {isa = PBXFileReference; lastKnownFileType = sourcecode.swift; path = TodayViewController.swift; sourceTree = "<group>"; };
		064624A0205F026300072191 /* Base */ = {isa = PBXFileReference; lastKnownFileType = file.storyboard; name = Base; path = Base.lproj/MainInterface.storyboard; sourceTree = "<group>"; };
		064624A2205F026300072191 /* Info.plist */ = {isa = PBXFileReference; lastKnownFileType = text.plist.xml; path = Info.plist; sourceTree = "<group>"; };
		064624AD205F034A00072191 /* Example.entitlements */ = {isa = PBXFileReference; lastKnownFileType = text.plist.entitlements; path = Example.entitlements; sourceTree = "<group>"; };
		064624AE205F035D00072191 /* Example_Extension.entitlements */ = {isa = PBXFileReference; lastKnownFileType = text.plist.entitlements; path = Example_Extension.entitlements; sourceTree = "<group>"; };
		9F265B971F9AC5D600DC14BF /* Example.app */ = {isa = PBXFileReference; explicitFileType = wrapper.application; includeInIndex = 0; path = Example.app; sourceTree = BUILT_PRODUCTS_DIR; };
		9F265BC91F9AC69300DC14BF /* Assets.xcassets */ = {isa = PBXFileReference; lastKnownFileType = folder.assetcatalog; path = Assets.xcassets; sourceTree = "<group>"; };
		9F265BCC1F9AC69300DC14BF /* Base */ = {isa = PBXFileReference; lastKnownFileType = file.storyboard; name = Base; path = Base.lproj/LaunchScreen.storyboard; sourceTree = "<group>"; };
		9F265BCE1F9AC69300DC14BF /* Base */ = {isa = PBXFileReference; lastKnownFileType = file.storyboard; name = Base; path = Base.lproj/Main.storyboard; sourceTree = "<group>"; };
		9F265BCF1F9AC69300DC14BF /* AppDelegate.swift */ = {isa = PBXFileReference; fileEncoding = 4; lastKnownFileType = sourcecode.swift; path = AppDelegate.swift; sourceTree = "<group>"; };
		9F265BD01F9AC69300DC14BF /* Info.plist */ = {isa = PBXFileReference; fileEncoding = 4; lastKnownFileType = text.plist.xml; path = Info.plist; sourceTree = "<group>"; };
		9FD378221FB7C6F800436204 /* LoginViewController.swift */ = {isa = PBXFileReference; fileEncoding = 4; lastKnownFileType = sourcecode.swift; path = LoginViewController.swift; sourceTree = "<group>"; };
		F8301B522982F8A600D0B05A /* MockAuthStateManager.swift */ = {isa = PBXFileReference; fileEncoding = 4; lastKnownFileType = sourcecode.swift; path = MockAuthStateManager.swift; sourceTree = "<group>"; };
		F8301B542982FAD600D0B05A /* AppAuthMocks.swift */ = {isa = PBXFileReference; lastKnownFileType = sourcecode.swift; path = AppAuthMocks.swift; sourceTree = "<group>"; };
		F8301B56298301D900D0B05A /* Stubs.swift */ = {isa = PBXFileReference; lastKnownFileType = sourcecode.swift; path = Stubs.swift; sourceTree = "<group>"; };
		F8301B5A298302DE00D0B05A /* Fakes.swift */ = {isa = PBXFileReference; lastKnownFileType = sourcecode.swift; path = Fakes.swift; sourceTree = "<group>"; };
		F8301B5C298303B100D0B05A /* SpyNavigationController.swift */ = {isa = PBXFileReference; lastKnownFileType = sourcecode.swift; path = SpyNavigationController.swift; sourceTree = "<group>"; };
		F8301B662983068800D0B05A /* openid-configuration.json */ = {isa = PBXFileReference; fileEncoding = 4; lastKnownFileType = text.json; path = "openid-configuration.json"; sourceTree = "<group>"; };
		F8301B682983069C00D0B05A /* empty.json */ = {isa = PBXFileReference; fileEncoding = 4; lastKnownFileType = text.json; path = empty.json; sourceTree = "<group>"; };
		F8301B6A298306A400D0B05A /* error.json */ = {isa = PBXFileReference; fileEncoding = 4; lastKnownFileType = text.json; path = error.json; sourceTree = "<group>"; };
		F8301B6C298306BC00D0B05A /* token.json */ = {isa = PBXFileReference; fileEncoding = 4; lastKnownFileType = text.json; path = token.json; sourceTree = "<group>"; };
		F8301B6F2983072400D0B05A /* OAuthClientTests.swift */ = {isa = PBXFileReference; lastKnownFileType = sourcecode.swift; path = OAuthClientTests.swift; sourceTree = "<group>"; };
		F8939AA329428B2F0074C71A /* ExampleTests.xctest */ = {isa = PBXFileReference; explicitFileType = wrapper.cfbundle; includeInIndex = 0; path = ExampleTests.xctest; sourceTree = BUILT_PRODUCTS_DIR; };
		F8939AA529428B2F0074C71A /* DashboardVIewControllerTests.swift */ = {isa = PBXFileReference; lastKnownFileType = sourcecode.swift; path = DashboardVIewControllerTests.swift; sourceTree = "<group>"; };
		F8A06854295E381F0039C2FC /* LoginViewModel.swift */ = {isa = PBXFileReference; lastKnownFileType = sourcecode.swift; path = LoginViewModel.swift; sourceTree = "<group>"; };
		F8A06856295E384D0039C2FC /* DashboardViewModel.swift */ = {isa = PBXFileReference; lastKnownFileType = sourcecode.swift; path = DashboardViewModel.swift; sourceTree = "<group>"; };
		F8AAA47D28F75E8C005BB4C1 /* AppAuth.xcframework */ = {isa = PBXFileReference; lastKnownFileType = wrapper.xcframework; name = AppAuth.xcframework; path = Carthage/Build/AppAuth.xcframework; sourceTree = "<group>"; };
		F8AAA48128F75E94005BB4C1 /* AppAuthCore.xcframework */ = {isa = PBXFileReference; lastKnownFileType = wrapper.xcframework; name = AppAuthCore.xcframework; path = Carthage/Build/AppAuthCore.xcframework; sourceTree = "<group>"; };
		F8B3B1102968A65600DFB033 /* AuthConfig.swift */ = {isa = PBXFileReference; fileEncoding = 4; lastKnownFileType = sourcecode.swift; path = AuthConfig.swift; sourceTree = "<group>"; };
		F8B3B1162968A77A00DFB033 /* Extensions.swift */ = {isa = PBXFileReference; fileEncoding = 4; lastKnownFileType = sourcecode.swift; name = Extensions.swift; path = Source/Extensions.swift; sourceTree = SOURCE_ROOT; };
		F8B3B11A2968AA7300DFB033 /* Coordinator.swift */ = {isa = PBXFileReference; fileEncoding = 4; lastKnownFileType = sourcecode.swift; path = Coordinator.swift; sourceTree = "<group>"; };
		F8B3B11B2968AA7300DFB033 /* AppCoordinator.swift */ = {isa = PBXFileReference; fileEncoding = 4; lastKnownFileType = sourcecode.swift; path = AppCoordinator.swift; sourceTree = "<group>"; };
		F8B3B11C2968AA7300DFB033 /* BaseCoordinator.swift */ = {isa = PBXFileReference; fileEncoding = 4; lastKnownFileType = sourcecode.swift; path = BaseCoordinator.swift; sourceTree = "<group>"; };
		F8B3B1202968AB2100DFB033 /* AuthRequestManager.swift */ = {isa = PBXFileReference; fileEncoding = 4; lastKnownFileType = sourcecode.swift; path = AuthRequestManager.swift; sourceTree = "<group>"; };
		F8B3B1212968AB2100DFB033 /* AuthStateManager.swift */ = {isa = PBXFileReference; fileEncoding = 4; lastKnownFileType = sourcecode.swift; path = AuthStateManager.swift; sourceTree = "<group>"; };
		F8B3B1222968AB2100DFB033 /* ActivityIndicator.swift */ = {isa = PBXFileReference; fileEncoding = 4; lastKnownFileType = sourcecode.swift; path = ActivityIndicator.swift; sourceTree = "<group>"; };
		F8B3B1232968AB2100DFB033 /* AuthenticationManager.swift */ = {isa = PBXFileReference; fileEncoding = 4; lastKnownFileType = sourcecode.swift; path = AuthenticationManager.swift; sourceTree = "<group>"; };
		F8B3B1242968AB2100DFB033 /* WebServiceManager.swift */ = {isa = PBXFileReference; fileEncoding = 4; lastKnownFileType = sourcecode.swift; path = WebServiceManager.swift; sourceTree = "<group>"; };
		F8B3B12A2968AB7F00DFB033 /* LoginCoordinator.swift */ = {isa = PBXFileReference; fileEncoding = 4; lastKnownFileType = sourcecode.swift; path = LoginCoordinator.swift; sourceTree = "<group>"; };
		F8B42DDC28C7E4D600CC93EA /* DashboardViewController.swift */ = {isa = PBXFileReference; lastKnownFileType = sourcecode.swift; path = DashboardViewController.swift; sourceTree = "<group>"; };
		F8B60B03292D420A00F0C865 /* LogoutOptionsController.swift */ = {isa = PBXFileReference; fileEncoding = 4; lastKnownFileType = sourcecode.swift; path = LogoutOptionsController.swift; sourceTree = "<group>"; };
		F8B60B07292D551900F0C865 /* LogoutOptionsControllerCell.swift */ = {isa = PBXFileReference; lastKnownFileType = sourcecode.swift; path = LogoutOptionsControllerCell.swift; sourceTree = "<group>"; };
		F8FA8F252968AC1C0003F537 /* BaseViewModel.swift */ = {isa = PBXFileReference; fileEncoding = 4; lastKnownFileType = sourcecode.swift; path = BaseViewModel.swift; sourceTree = "<group>"; };
		F8FA8F2A2968ACFF0003F537 /* DashboardCoordinator.swift */ = {isa = PBXFileReference; fileEncoding = 4; lastKnownFileType = sourcecode.swift; path = DashboardCoordinator.swift; sourceTree = "<group>"; };
		F8FA8F302968ADB80003F537 /* AuthError.swift */ = {isa = PBXFileReference; fileEncoding = 4; lastKnownFileType = sourcecode.swift; path = AuthError.swift; sourceTree = "<group>"; };
		F8FA8F362968ADD00003F537 /* TextConstants.swift */ = {isa = PBXFileReference; fileEncoding = 4; lastKnownFileType = sourcecode.swift; path = TextConstants.swift; sourceTree = "<group>"; };
		F8FA8F372968ADD00003F537 /* StyleConstants.swift */ = {isa = PBXFileReference; fileEncoding = 4; lastKnownFileType = sourcecode.swift; path = StyleConstants.swift; sourceTree = "<group>"; };
/* End PBXFileReference section */

/* Begin PBXFrameworksBuildPhase section */
		06462496205F026300072191 /* Frameworks */ = {
			isa = PBXFrameworksBuildPhase;
			buildActionMask = 2147483647;
			files = (
				F8939AC12949249C0074C71A /* AppAuth.xcframework in Frameworks */,
				F8AAA48828F75F35005BB4C1 /* AppAuthCore.xcframework in Frameworks */,
				0646249B205F026300072191 /* NotificationCenter.framework in Frameworks */,
			);
			runOnlyForDeploymentPostprocessing = 0;
		};
		9F265B941F9AC5D600DC14BF /* Frameworks */ = {
			isa = PBXFrameworksBuildPhase;
			buildActionMask = 2147483647;
			files = (
				F8AAA48B28F75F39005BB4C1 /* AppAuth.xcframework in Frameworks */,
			);
			runOnlyForDeploymentPostprocessing = 0;
		};
		F8939AA029428B2F0074C71A /* Frameworks */ = {
			isa = PBXFrameworksBuildPhase;
			buildActionMask = 2147483647;
			files = (
			);
			runOnlyForDeploymentPostprocessing = 0;
		};
/* End PBXFrameworksBuildPhase section */

/* Begin PBXGroup section */
		0646249C205F026300072191 /* Example_Extension */ = {
			isa = PBXGroup;
			children = (
				0646249D205F026300072191 /* TodayViewController.swift */,
				0646249F205F026300072191 /* MainInterface.storyboard */,
				064624A2205F026300072191 /* Info.plist */,
				064624AE205F035D00072191 /* Example_Extension.entitlements */,
			);
			path = Example_Extension;
			sourceTree = "<group>";
		};
		9F265B8E1F9AC5D600DC14BF = {
			isa = PBXGroup;
			children = (
				9F265BC81F9AC69300DC14BF /* Source */,
				0646249C205F026300072191 /* Example_Extension */,
				F8939AA429428B2F0074C71A /* ExampleTests */,
				9F265BD81F9AE4CA00DC14BF /* Frameworks */,
				9F265B981F9AC5D600DC14BF /* Products */,
			);
			sourceTree = "<group>";
		};
		9F265B981F9AC5D600DC14BF /* Products */ = {
			isa = PBXGroup;
			children = (
				9F265B971F9AC5D600DC14BF /* Example.app */,
				06462499205F026300072191 /* Example_Extension.appex */,
				F8939AA329428B2F0074C71A /* ExampleTests.xctest */,
			);
			name = Products;
			sourceTree = "<group>";
		};
		9F265BC81F9AC69300DC14BF /* Source */ = {
			isa = PBXGroup;
			children = (
				F8B3B1102968A65600DFB033 /* AuthConfig.swift */,
				9F265BCF1F9AC69300DC14BF /* AppDelegate.swift */,
				F8B3B1192968AA6500DFB033 /* Coordinator */,
				F8B3B1122968A66500DFB033 /* Views */,
				F8B3B1182968A78C00DFB033 /* Managers */,
				F8B3B1152968A6B400DFB033 /* Utitlities */,
				F8FA8F292968AC2C0003F537 /* Supporting Files */,
			);
			path = Source;
			sourceTree = "<group>";
		};
		9F265BD81F9AE4CA00DC14BF /* Frameworks */ = {
			isa = PBXGroup;
			children = (
				F8AAA48128F75E94005BB4C1 /* AppAuthCore.xcframework */,
				F8AAA47D28F75E8C005BB4C1 /* AppAuth.xcframework */,
				0646249A205F026300072191 /* NotificationCenter.framework */,
			);
			name = Frameworks;
			sourceTree = "<group>";
		};
		F8301B652983064E00D0B05A /* Data */ = {
			isa = PBXGroup;
			children = (
				F8301B662983068800D0B05A /* openid-configuration.json */,
				F8301B6C298306BC00D0B05A /* token.json */,
				F8301B682983069C00D0B05A /* empty.json */,
				F8301B6A298306A400D0B05A /* error.json */,
			);
			path = Data;
			sourceTree = "<group>";
		};
		F8939AA429428B2F0074C71A /* ExampleTests */ = {
			isa = PBXGroup;
			children = (
				F8301B652983064E00D0B05A /* Data */,
				F8301B542982FAD600D0B05A /* AppAuthMocks.swift */,
				F8301B522982F8A600D0B05A /* MockAuthStateManager.swift */,
				F8939AA529428B2F0074C71A /* DashboardVIewControllerTests.swift */,
				F8301B56298301D900D0B05A /* Stubs.swift */,
				F8301B5A298302DE00D0B05A /* Fakes.swift */,
				F8301B5C298303B100D0B05A /* SpyNavigationController.swift */,
				F8301B6F2983072400D0B05A /* OAuthClientTests.swift */,
			);
			path = ExampleTests;
			sourceTree = "<group>";
		};
		F8B3B1122968A66500DFB033 /* Views */ = {
			isa = PBXGroup;
			children = (
				9F265BCD1F9AC69300DC14BF /* Main.storyboard */,
				F8FA8F252968AC1C0003F537 /* BaseViewModel.swift */,
				F8B3B1132968A67000DFB033 /* Login */,
				F8B3B1142968A67B00DFB033 /* Dashboard */,
				F8B60B02292D41D800F0C865 /* LogoutOptionsController */,
			);
			path = Views;
			sourceTree = "<group>";
		};
		F8B3B1132968A67000DFB033 /* Login */ = {
			isa = PBXGroup;
			children = (
				F8B3B12A2968AB7F00DFB033 /* LoginCoordinator.swift */,
				9FD378221FB7C6F800436204 /* LoginViewController.swift */,
				F8A06854295E381F0039C2FC /* LoginViewModel.swift */,
			);
			path = Login;
			sourceTree = "<group>";
		};
		F8B3B1142968A67B00DFB033 /* Dashboard */ = {
			isa = PBXGroup;
			children = (
				F8FA8F2A2968ACFF0003F537 /* DashboardCoordinator.swift */,
				F8B42DDC28C7E4D600CC93EA /* DashboardViewController.swift */,
				F8A06856295E384D0039C2FC /* DashboardViewModel.swift */,
			);
			path = Dashboard;
			sourceTree = "<group>";
		};
		F8B3B1152968A6B400DFB033 /* Utitlities */ = {
			isa = PBXGroup;
			children = (
				F8FA8F302968ADB80003F537 /* AuthError.swift */,
				F8FA8F3A2968ADD60003F537 /* Constants */,
				F8B3B1222968AB2100DFB033 /* ActivityIndicator.swift */,
				F8B3B1162968A77A00DFB033 /* Extensions.swift */,
			);
			path = Utitlities;
			sourceTree = "<group>";
		};
		F8B3B1182968A78C00DFB033 /* Managers */ = {
			isa = PBXGroup;
			children = (
				F8B3B1232968AB2100DFB033 /* AuthenticationManager.swift */,
				F8B3B1202968AB2100DFB033 /* AuthRequestManager.swift */,
				F8B3B1212968AB2100DFB033 /* AuthStateManager.swift */,
				F8B3B1242968AB2100DFB033 /* WebServiceManager.swift */,
			);
			path = Managers;
			sourceTree = "<group>";
		};
		F8B3B1192968AA6500DFB033 /* Coordinator */ = {
			isa = PBXGroup;
			children = (
				F8B3B11B2968AA7300DFB033 /* AppCoordinator.swift */,
				F8B3B11C2968AA7300DFB033 /* BaseCoordinator.swift */,
				F8B3B11A2968AA7300DFB033 /* Coordinator.swift */,
			);
			path = Coordinator;
			sourceTree = "<group>";
		};
		F8B60B02292D41D800F0C865 /* LogoutOptionsController */ = {
			isa = PBXGroup;
			children = (
				F8B60B03292D420A00F0C865 /* LogoutOptionsController.swift */,
				F8B60B07292D551900F0C865 /* LogoutOptionsControllerCell.swift */,
			);
			path = LogoutOptionsController;
			sourceTree = "<group>";
		};
		F8FA8F292968AC2C0003F537 /* Supporting Files */ = {
			isa = PBXGroup;
			children = (
				9F265BCB1F9AC69300DC14BF /* LaunchScreen.storyboard */,
				9F265BC91F9AC69300DC14BF /* Assets.xcassets */,
				9F265BD01F9AC69300DC14BF /* Info.plist */,
				064624AD205F034A00072191 /* Example.entitlements */,
			);
			path = "Supporting Files";
			sourceTree = "<group>";
		};
		F8FA8F3A2968ADD60003F537 /* Constants */ = {
			isa = PBXGroup;
			children = (
				F8FA8F372968ADD00003F537 /* StyleConstants.swift */,
				F8FA8F362968ADD00003F537 /* TextConstants.swift */,
			);
			path = Constants;
			sourceTree = "<group>";
		};
/* End PBXGroup section */

/* Begin PBXNativeTarget section */
		06462498205F026300072191 /* Example_Extension */ = {
			isa = PBXNativeTarget;
			buildConfigurationList = 064624A8205F026300072191 /* Build configuration list for PBXNativeTarget "Example_Extension" */;
			buildPhases = (
				06462495205F026300072191 /* Sources */,
				06462496205F026300072191 /* Frameworks */,
				06462497205F026300072191 /* Resources */,
			);
			buildRules = (
			);
			dependencies = (
			);
			name = Example_Extension;
			productName = Example_Extension;
			productReference = 06462499205F026300072191 /* Example_Extension.appex */;
			productType = "com.apple.product-type.app-extension";
		};
		9F265B961F9AC5D600DC14BF /* Example */ = {
			isa = PBXNativeTarget;
			buildConfigurationList = 9F265BBF1F9AC5D600DC14BF /* Build configuration list for PBXNativeTarget "Example" */;
			buildPhases = (
				9F265B931F9AC5D600DC14BF /* Sources */,
				9F265B941F9AC5D600DC14BF /* Frameworks */,
				9F265B951F9AC5D600DC14BF /* Resources */,
				064624A9205F026300072191 /* Embed Foundation Extensions */,
			);
			buildRules = (
			);
			dependencies = (
				064624A4205F026300072191 /* PBXTargetDependency */,
			);
			name = Example;
			productName = Example;
			productReference = 9F265B971F9AC5D600DC14BF /* Example.app */;
			productType = "com.apple.product-type.application";
		};
		F8939AA229428B2F0074C71A /* ExampleTests */ = {
			isa = PBXNativeTarget;
			buildConfigurationList = F8939AAB29428B2F0074C71A /* Build configuration list for PBXNativeTarget "ExampleTests" */;
			buildPhases = (
				F8939A9F29428B2F0074C71A /* Sources */,
				F8939AA029428B2F0074C71A /* Frameworks */,
				F8939AA129428B2F0074C71A /* Resources */,
			);
			buildRules = (
			);
			dependencies = (
				F8939AA829428B2F0074C71A /* PBXTargetDependency */,
			);
			name = ExampleTests;
			productName = ExampleTests;
			productReference = F8939AA329428B2F0074C71A /* ExampleTests.xctest */;
			productType = "com.apple.product-type.bundle.unit-test";
		};
/* End PBXNativeTarget section */

/* Begin PBXProject section */
		9F265B8F1F9AC5D600DC14BF /* Project object */ = {
			isa = PBXProject;
			attributes = {
				LastSwiftUpdateCheck = 1410;
				LastUpgradeCheck = 1400;
				ORGANIZATIONNAME = "Google Inc.";
				TargetAttributes = {
					06462498205F026300072191 = {
						CreatedOnToolsVersion = 9.2;
						LastSwiftMigration = "";
						ProvisioningStyle = Automatic;
						SystemCapabilities = {
							com.apple.ApplicationGroups.iOS = {
								enabled = 1;
							};
						};
					};
					9F265B961F9AC5D600DC14BF = {
						CreatedOnToolsVersion = 9.0.1;
						LastSwiftMigration = 1410;
						ProvisioningStyle = Automatic;
						SystemCapabilities = {
							com.apple.ApplicationGroups.iOS = {
								enabled = 1;
							};
						};
					};
					F8939AA229428B2F0074C71A = {
						CreatedOnToolsVersion = 14.1;
						TestTargetID = 9F265B961F9AC5D600DC14BF;
					};
				};
			};
			buildConfigurationList = 9F265B921F9AC5D600DC14BF /* Build configuration list for PBXProject "Example" */;
			compatibilityVersion = "Xcode 8.0";
			developmentRegion = en;
			hasScannedForEncodings = 0;
			knownRegions = (
				en,
				Base,
			);
			mainGroup = 9F265B8E1F9AC5D600DC14BF;
			productRefGroup = 9F265B981F9AC5D600DC14BF /* Products */;
			projectDirPath = "";
			projectRoot = "";
			targets = (
				9F265B961F9AC5D600DC14BF /* Example */,
				06462498205F026300072191 /* Example_Extension */,
				F8939AA229428B2F0074C71A /* ExampleTests */,
			);
		};
/* End PBXProject section */

/* Begin PBXResourcesBuildPhase section */
		06462497205F026300072191 /* Resources */ = {
			isa = PBXResourcesBuildPhase;
			buildActionMask = 2147483647;
			files = (
				064624A1205F026300072191 /* MainInterface.storyboard in Resources */,
			);
			runOnlyForDeploymentPostprocessing = 0;
		};
		9F265B951F9AC5D600DC14BF /* Resources */ = {
			isa = PBXResourcesBuildPhase;
			buildActionMask = 2147483647;
			files = (
				9F265BD41F9AC69300DC14BF /* Main.storyboard in Resources */,
				9F265BD11F9AC69300DC14BF /* Assets.xcassets in Resources */,
				9F265BD31F9AC69300DC14BF /* LaunchScreen.storyboard in Resources */,
			);
			runOnlyForDeploymentPostprocessing = 0;
		};
		F8939AA129428B2F0074C71A /* Resources */ = {
			isa = PBXResourcesBuildPhase;
			buildActionMask = 2147483647;
			files = (
				F8301B6B298306A400D0B05A /* error.json in Resources */,
				F8301B672983068800D0B05A /* openid-configuration.json in Resources */,
				F8301B692983069C00D0B05A /* empty.json in Resources */,
				F8301B6D298306BC00D0B05A /* token.json in Resources */,
			);
			runOnlyForDeploymentPostprocessing = 0;
		};
/* End PBXResourcesBuildPhase section */

/* Begin PBXSourcesBuildPhase section */
		06462495205F026300072191 /* Sources */ = {
			isa = PBXSourcesBuildPhase;
			buildActionMask = 2147483647;
			files = (
				0646249E205F026300072191 /* TodayViewController.swift in Sources */,
			);
			runOnlyForDeploymentPostprocessing = 0;
		};
		9F265B931F9AC5D600DC14BF /* Sources */ = {
			isa = PBXSourcesBuildPhase;
			buildActionMask = 2147483647;
			files = (
				F8B3B1252968AB2100DFB033 /* AuthRequestManager.swift in Sources */,
				F8B3B1282968AB2100DFB033 /* AuthenticationManager.swift in Sources */,
				F8B3B1272968AB2100DFB033 /* ActivityIndicator.swift in Sources */,
				F8B3B11E2968AA7300DFB033 /* AppCoordinator.swift in Sources */,
				F8B42DDD28C7E4D600CC93EA /* DashboardViewController.swift in Sources */,
				F8B3B1262968AB2100DFB033 /* AuthStateManager.swift in Sources */,
				F8B3B12B2968AB7F00DFB033 /* LoginCoordinator.swift in Sources */,
				F8B3B1172968A77A00DFB033 /* Extensions.swift in Sources */,
				F8B3B11D2968AA7300DFB033 /* Coordinator.swift in Sources */,
				F8FA8F342968ADB80003F537 /* AuthError.swift in Sources */,
				9FD378231FB7C6F800436204 /* LoginViewController.swift in Sources */,
				F8B3B1112968A65600DFB033 /* AuthConfig.swift in Sources */,
				9F265BD51F9AC69300DC14BF /* AppDelegate.swift in Sources */,
				F8FA8F2B2968ACFF0003F537 /* DashboardCoordinator.swift in Sources */,
				F8B3B11F2968AA7300DFB033 /* BaseCoordinator.swift in Sources */,
				F8B60B08292D551900F0C865 /* LogoutOptionsControllerCell.swift in Sources */,
				F8FA8F382968ADD00003F537 /* TextConstants.swift in Sources */,
				F8FA8F272968AC1C0003F537 /* BaseViewModel.swift in Sources */,
				F8A06855295E38210039C2FC /* LoginViewModel.swift in Sources */,
				F8FA8F392968ADD00003F537 /* StyleConstants.swift in Sources */,
				F8A06857295E384D0039C2FC /* DashboardViewModel.swift in Sources */,
				F8B3B1292968AB2100DFB033 /* WebServiceManager.swift in Sources */,
				F8B60B06292D420A00F0C865 /* LogoutOptionsController.swift in Sources */,
			);
			runOnlyForDeploymentPostprocessing = 0;
		};
		F8939A9F29428B2F0074C71A /* Sources */ = {
			isa = PBXSourcesBuildPhase;
			buildActionMask = 2147483647;
			files = (
				F8939AA629428B2F0074C71A /* DashboardVIewControllerTests.swift in Sources */,
				F8301B5B298302DE00D0B05A /* Fakes.swift in Sources */,
				F8301B532982F8A600D0B05A /* MockAuthStateManager.swift in Sources */,
				F8301B552982FAD600D0B05A /* AppAuthMocks.swift in Sources */,
				F8301B702983072400D0B05A /* OAuthClientTests.swift in Sources */,
				F8301B5D298303B100D0B05A /* SpyNavigationController.swift in Sources */,
				F8301B57298301D900D0B05A /* Stubs.swift in Sources */,
			);
			runOnlyForDeploymentPostprocessing = 0;
		};
/* End PBXSourcesBuildPhase section */

/* Begin PBXTargetDependency section */
		064624A4205F026300072191 /* PBXTargetDependency */ = {
			isa = PBXTargetDependency;
			target = 06462498205F026300072191 /* Example_Extension */;
			targetProxy = 064624A3205F026300072191 /* PBXContainerItemProxy */;
		};
		F8939AA829428B2F0074C71A /* PBXTargetDependency */ = {
			isa = PBXTargetDependency;
			target = 9F265B961F9AC5D600DC14BF /* Example */;
			targetProxy = F8939AA729428B2F0074C71A /* PBXContainerItemProxy */;
		};
/* End PBXTargetDependency section */

/* Begin PBXVariantGroup section */
		0646249F205F026300072191 /* MainInterface.storyboard */ = {
			isa = PBXVariantGroup;
			children = (
				064624A0205F026300072191 /* Base */,
			);
			name = MainInterface.storyboard;
			sourceTree = "<group>";
		};
		9F265BCB1F9AC69300DC14BF /* LaunchScreen.storyboard */ = {
			isa = PBXVariantGroup;
			children = (
				9F265BCC1F9AC69300DC14BF /* Base */,
			);
			name = LaunchScreen.storyboard;
			sourceTree = "<group>";
		};
		9F265BCD1F9AC69300DC14BF /* Main.storyboard */ = {
			isa = PBXVariantGroup;
			children = (
				9F265BCE1F9AC69300DC14BF /* Base */,
			);
			name = Main.storyboard;
			sourceTree = "<group>";
		};
/* End PBXVariantGroup section */

/* Begin XCBuildConfiguration section */
		064624A6205F026300072191 /* Debug */ = {
			isa = XCBuildConfiguration;
			buildSettings = {
				CODE_SIGN_ENTITLEMENTS = Example_Extension/Example_Extension.entitlements;
				CODE_SIGN_STYLE = Automatic;
				DEVELOPMENT_TEAM = "";
				FRAMEWORK_SEARCH_PATHS = "$(inherited)";
				INFOPLIST_FILE = Example_Extension/Info.plist;
				IPHONEOS_DEPLOYMENT_TARGET = 11.0;
				LD_RUNPATH_SEARCH_PATHS = "$(inherited)";
				PRODUCT_BUNDLE_IDENTIFIER = "net.openid.appauth.Example.Example-Extension";
				PRODUCT_NAME = "$(TARGET_NAME)";
				SKIP_INSTALL = YES;
				SWIFT_VERSION = 5.0;
				TARGETED_DEVICE_FAMILY = "1,2";
			};
			name = Debug;
		};
		064624A7205F026300072191 /* Release */ = {
			isa = XCBuildConfiguration;
			buildSettings = {
				CODE_SIGN_ENTITLEMENTS = Example_Extension/Example_Extension.entitlements;
				CODE_SIGN_STYLE = Automatic;
				DEVELOPMENT_TEAM = "";
				FRAMEWORK_SEARCH_PATHS = "$(inherited)";
				INFOPLIST_FILE = Example_Extension/Info.plist;
				IPHONEOS_DEPLOYMENT_TARGET = 11.0;
				LD_RUNPATH_SEARCH_PATHS = "$(inherited)";
				PRODUCT_BUNDLE_IDENTIFIER = "net.openid.appauth.Example.Example-Extension";
				PRODUCT_NAME = "$(TARGET_NAME)";
				SKIP_INSTALL = YES;
				SWIFT_VERSION = 5.0;
				TARGETED_DEVICE_FAMILY = "1,2";
			};
			name = Release;
		};
		9F265BBD1F9AC5D600DC14BF /* Debug */ = {
			isa = XCBuildConfiguration;
			buildSettings = {
				ALWAYS_SEARCH_USER_PATHS = NO;
				CLANG_ANALYZER_NONNULL = YES;
				CLANG_ANALYZER_NUMBER_OBJECT_CONVERSION = YES_AGGRESSIVE;
				CLANG_CXX_LANGUAGE_STANDARD = "gnu++14";
				CLANG_CXX_LIBRARY = "libc++";
				CLANG_ENABLE_MODULES = YES;
				CLANG_ENABLE_OBJC_ARC = YES;
				CLANG_WARN_BLOCK_CAPTURE_AUTORELEASING = YES;
				CLANG_WARN_BOOL_CONVERSION = YES;
				CLANG_WARN_COMMA = YES;
				CLANG_WARN_CONSTANT_CONVERSION = YES;
				CLANG_WARN_DEPRECATED_OBJC_IMPLEMENTATIONS = YES;
				CLANG_WARN_DIRECT_OBJC_ISA_USAGE = YES_ERROR;
				CLANG_WARN_DOCUMENTATION_COMMENTS = YES;
				CLANG_WARN_EMPTY_BODY = YES;
				CLANG_WARN_ENUM_CONVERSION = YES;
				CLANG_WARN_INFINITE_RECURSION = YES;
				CLANG_WARN_INT_CONVERSION = YES;
				CLANG_WARN_NON_LITERAL_NULL_CONVERSION = YES;
				CLANG_WARN_OBJC_IMPLICIT_RETAIN_SELF = YES;
				CLANG_WARN_OBJC_LITERAL_CONVERSION = YES;
				CLANG_WARN_OBJC_ROOT_CLASS = YES_ERROR;
				CLANG_WARN_QUOTED_INCLUDE_IN_FRAMEWORK_HEADER = YES;
				CLANG_WARN_RANGE_LOOP_ANALYSIS = YES;
				CLANG_WARN_STRICT_PROTOTYPES = YES;
				CLANG_WARN_SUSPICIOUS_MOVE = YES;
				CLANG_WARN_UNGUARDED_AVAILABILITY = YES_AGGRESSIVE;
				CLANG_WARN_UNREACHABLE_CODE = YES;
				CLANG_WARN__DUPLICATE_METHOD_MATCH = YES;
				CODE_SIGN_IDENTITY = "iPhone Developer";
				COPY_PHASE_STRIP = NO;
				DEBUG_INFORMATION_FORMAT = dwarf;
				ENABLE_STRICT_OBJC_MSGSEND = YES;
				ENABLE_TESTABILITY = YES;
				GCC_C_LANGUAGE_STANDARD = gnu11;
				GCC_DYNAMIC_NO_PIC = NO;
				GCC_NO_COMMON_BLOCKS = YES;
				GCC_OPTIMIZATION_LEVEL = 0;
				GCC_PREPROCESSOR_DEFINITIONS = (
					"DEBUG=1",
					"$(inherited)",
				);
				GCC_WARN_64_TO_32_BIT_CONVERSION = YES;
				GCC_WARN_ABOUT_RETURN_TYPE = YES_ERROR;
				GCC_WARN_UNDECLARED_SELECTOR = YES;
				GCC_WARN_UNINITIALIZED_AUTOS = YES_AGGRESSIVE;
				GCC_WARN_UNUSED_FUNCTION = YES;
				GCC_WARN_UNUSED_VARIABLE = YES;
				INFOPLIST_FILE = "Source/Supporting Files/Info.plist";
				IPHONEOS_DEPLOYMENT_TARGET = 13.0;
				MTL_ENABLE_DEBUG_INFO = YES;
				ONLY_ACTIVE_ARCH = YES;
				SDKROOT = iphoneos;
				SWIFT_ACTIVE_COMPILATION_CONDITIONS = DEBUG;
				SWIFT_OPTIMIZATION_LEVEL = "-Onone";
			};
			name = Debug;
		};
		9F265BBE1F9AC5D600DC14BF /* Release */ = {
			isa = XCBuildConfiguration;
			buildSettings = {
				ALWAYS_SEARCH_USER_PATHS = NO;
				CLANG_ANALYZER_NONNULL = YES;
				CLANG_ANALYZER_NUMBER_OBJECT_CONVERSION = YES_AGGRESSIVE;
				CLANG_CXX_LANGUAGE_STANDARD = "gnu++14";
				CLANG_CXX_LIBRARY = "libc++";
				CLANG_ENABLE_MODULES = YES;
				CLANG_ENABLE_OBJC_ARC = YES;
				CLANG_WARN_BLOCK_CAPTURE_AUTORELEASING = YES;
				CLANG_WARN_BOOL_CONVERSION = YES;
				CLANG_WARN_COMMA = YES;
				CLANG_WARN_CONSTANT_CONVERSION = YES;
				CLANG_WARN_DEPRECATED_OBJC_IMPLEMENTATIONS = YES;
				CLANG_WARN_DIRECT_OBJC_ISA_USAGE = YES_ERROR;
				CLANG_WARN_DOCUMENTATION_COMMENTS = YES;
				CLANG_WARN_EMPTY_BODY = YES;
				CLANG_WARN_ENUM_CONVERSION = YES;
				CLANG_WARN_INFINITE_RECURSION = YES;
				CLANG_WARN_INT_CONVERSION = YES;
				CLANG_WARN_NON_LITERAL_NULL_CONVERSION = YES;
				CLANG_WARN_OBJC_IMPLICIT_RETAIN_SELF = YES;
				CLANG_WARN_OBJC_LITERAL_CONVERSION = YES;
				CLANG_WARN_OBJC_ROOT_CLASS = YES_ERROR;
				CLANG_WARN_QUOTED_INCLUDE_IN_FRAMEWORK_HEADER = YES;
				CLANG_WARN_RANGE_LOOP_ANALYSIS = YES;
				CLANG_WARN_STRICT_PROTOTYPES = YES;
				CLANG_WARN_SUSPICIOUS_MOVE = YES;
				CLANG_WARN_UNGUARDED_AVAILABILITY = YES_AGGRESSIVE;
				CLANG_WARN_UNREACHABLE_CODE = YES;
				CLANG_WARN__DUPLICATE_METHOD_MATCH = YES;
				CODE_SIGN_IDENTITY = "iPhone Developer";
				COPY_PHASE_STRIP = NO;
				DEBUG_INFORMATION_FORMAT = "dwarf-with-dsym";
				ENABLE_NS_ASSERTIONS = NO;
				ENABLE_STRICT_OBJC_MSGSEND = YES;
				GCC_C_LANGUAGE_STANDARD = gnu11;
				GCC_NO_COMMON_BLOCKS = YES;
				GCC_WARN_64_TO_32_BIT_CONVERSION = YES;
				GCC_WARN_ABOUT_RETURN_TYPE = YES_ERROR;
				GCC_WARN_UNDECLARED_SELECTOR = YES;
				GCC_WARN_UNINITIALIZED_AUTOS = YES_AGGRESSIVE;
				GCC_WARN_UNUSED_FUNCTION = YES;
				GCC_WARN_UNUSED_VARIABLE = YES;
				INFOPLIST_FILE = "Source/Supporting Files/Info.plist";
				IPHONEOS_DEPLOYMENT_TARGET = 13.0;
				MTL_ENABLE_DEBUG_INFO = NO;
				SDKROOT = iphoneos;
				SWIFT_COMPILATION_MODE = wholemodule;
				SWIFT_OPTIMIZATION_LEVEL = "-O";
				VALIDATE_PRODUCT = YES;
			};
			name = Release;
		};
		9F265BC01F9AC5D600DC14BF /* Debug */ = {
			isa = XCBuildConfiguration;
			buildSettings = {
				ALWAYS_EMBED_SWIFT_STANDARD_LIBRARIES = YES;
				ASSETCATALOG_COMPILER_APPICON_NAME = AppIcon;
				CLANG_ENABLE_MODULES = YES;
				CODE_SIGN_ENTITLEMENTS = "Source/Supporting Files/Example.entitlements";
				CODE_SIGN_STYLE = Automatic;
				DEVELOPMENT_TEAM = "";
				FRAMEWORK_SEARCH_PATHS = (
					"$(inherited)",
					"$(PROJECT_DIR)/Carthage/Build",
				);
				INFOPLIST_FILE = "Source/Supporting Files/Info.plist";
				IPHONEOS_DEPLOYMENT_TARGET = 13.0;
				LD_RUNPATH_SEARCH_PATHS = (
					"$(inherited)",
					"@executable_path/Frameworks",
				);
				PRODUCT_BUNDLE_IDENTIFIER = net.openid.appauth.Example;
				PRODUCT_NAME = "$(TARGET_NAME)";
				SWIFT_OPTIMIZATION_LEVEL = "-Onone";
				SWIFT_VERSION = 5.0;
				TARGETED_DEVICE_FAMILY = "1,2";
			};
			name = Debug;
		};
		9F265BC11F9AC5D600DC14BF /* Release */ = {
			isa = XCBuildConfiguration;
			buildSettings = {
				ALWAYS_EMBED_SWIFT_STANDARD_LIBRARIES = YES;
				ASSETCATALOG_COMPILER_APPICON_NAME = AppIcon;
				CLANG_ENABLE_MODULES = YES;
				CODE_SIGN_ENTITLEMENTS = "Source/Supporting Files/Example.entitlements";
				CODE_SIGN_STYLE = Automatic;
				DEVELOPMENT_TEAM = "";
				FRAMEWORK_SEARCH_PATHS = (
					"$(inherited)",
					"$(PROJECT_DIR)/Carthage/Build",
				);
				INFOPLIST_FILE = "Source/Supporting Files/Info.plist";
				IPHONEOS_DEPLOYMENT_TARGET = 13.0;
				LD_RUNPATH_SEARCH_PATHS = (
					"$(inherited)",
					"@executable_path/Frameworks",
				);
				PRODUCT_BUNDLE_IDENTIFIER = net.openid.appauth.Example;
				PRODUCT_NAME = "$(TARGET_NAME)";
				SWIFT_VERSION = 5.0;
				TARGETED_DEVICE_FAMILY = "1,2";
			};
			name = Release;
		};
		F8939AA929428B2F0074C71A /* Debug */ = {
			isa = XCBuildConfiguration;
			buildSettings = {
				BUNDLE_LOADER = "$(TEST_HOST)";
				CLANG_CXX_LANGUAGE_STANDARD = "gnu++20";
				CLANG_ENABLE_OBJC_WEAK = YES;
				CODE_SIGN_STYLE = Automatic;
				CURRENT_PROJECT_VERSION = 1;
				GENERATE_INFOPLIST_FILE = YES;
				IPHONEOS_DEPLOYMENT_TARGET = 13.0;
				MACOSX_DEPLOYMENT_TARGET = 12.6;
				MARKETING_VERSION = 1.0;
				MTL_ENABLE_DEBUG_INFO = INCLUDE_SOURCE;
				MTL_FAST_MATH = YES;
				PRODUCT_BUNDLE_IDENTIFIER = net.openid.appauth.ExampleTests;
				PRODUCT_NAME = "$(TARGET_NAME)";
				SDKROOT = auto;
				SUPPORTED_PLATFORMS = "iphoneos iphonesimulator macosx";
				SWIFT_EMIT_LOC_STRINGS = NO;
				SWIFT_VERSION = 5.0;
				TARGETED_DEVICE_FAMILY = "1,2";
				TEST_HOST = "$(BUILT_PRODUCTS_DIR)/Example.app/$(BUNDLE_EXECUTABLE_FOLDER_PATH)/Example";
			};
			name = Debug;
		};
		F8939AAA29428B2F0074C71A /* Release */ = {
			isa = XCBuildConfiguration;
			buildSettings = {
				BUNDLE_LOADER = "$(TEST_HOST)";
				CLANG_CXX_LANGUAGE_STANDARD = "gnu++20";
				CLANG_ENABLE_OBJC_WEAK = YES;
				CODE_SIGN_STYLE = Automatic;
				CURRENT_PROJECT_VERSION = 1;
				GENERATE_INFOPLIST_FILE = YES;
				IPHONEOS_DEPLOYMENT_TARGET = 13.0;
				MACOSX_DEPLOYMENT_TARGET = 12.6;
				MARKETING_VERSION = 1.0;
				MTL_FAST_MATH = YES;
				PRODUCT_BUNDLE_IDENTIFIER = net.openid.appauth.ExampleTests;
				PRODUCT_NAME = "$(TARGET_NAME)";
				SDKROOT = auto;
				SUPPORTED_PLATFORMS = "iphoneos iphonesimulator macosx";
				SWIFT_EMIT_LOC_STRINGS = NO;
				SWIFT_VERSION = 5.0;
				TARGETED_DEVICE_FAMILY = "1,2";
				TEST_HOST = "$(BUILT_PRODUCTS_DIR)/Example.app/$(BUNDLE_EXECUTABLE_FOLDER_PATH)/Example";
			};
			name = Release;
		};
/* End XCBuildConfiguration section */

/* Begin XCConfigurationList section */
		064624A8205F026300072191 /* Build configuration list for PBXNativeTarget "Example_Extension" */ = {
			isa = XCConfigurationList;
			buildConfigurations = (
				064624A6205F026300072191 /* Debug */,
				064624A7205F026300072191 /* Release */,
			);
			defaultConfigurationIsVisible = 0;
			defaultConfigurationName = Release;
		};
		9F265B921F9AC5D600DC14BF /* Build configuration list for PBXProject "Example" */ = {
			isa = XCConfigurationList;
			buildConfigurations = (
				9F265BBD1F9AC5D600DC14BF /* Debug */,
				9F265BBE1F9AC5D600DC14BF /* Release */,
			);
			defaultConfigurationIsVisible = 0;
			defaultConfigurationName = Release;
		};
		9F265BBF1F9AC5D600DC14BF /* Build configuration list for PBXNativeTarget "Example" */ = {
			isa = XCConfigurationList;
			buildConfigurations = (
				9F265BC01F9AC5D600DC14BF /* Debug */,
				9F265BC11F9AC5D600DC14BF /* Release */,
			);
			defaultConfigurationIsVisible = 0;
			defaultConfigurationName = Release;
		};
		F8939AAB29428B2F0074C71A /* Build configuration list for PBXNativeTarget "ExampleTests" */ = {
			isa = XCConfigurationList;
			buildConfigurations = (
				F8939AA929428B2F0074C71A /* Debug */,
				F8939AAA29428B2F0074C71A /* Release */,
			);
			defaultConfigurationIsVisible = 0;
			defaultConfigurationName = Release;
		};
/* End XCConfigurationList section */
	};
	rootObject = 9F265B8F1F9AC5D600DC14BF /* Project object */;
}
