// !$*UTF8*$!
{
	archiveVersion = 1;
	classes = {
	};
	objectVersion = 48;
	objects = {

/* Begin PBXBuildFile section */
		06375C8821A4E50E00338E3F /* AppAuthCore.framework in Frameworks */ = {isa = PBXBuildFile; fileRef = 06375C8721A4E50E00338E3F /* AppAuthCore.framework */; };
		0646249B205F026300072191 /* NotificationCenter.framework in Frameworks */ = {isa = PBXBuildFile; fileRef = 0646249A205F026300072191 /* NotificationCenter.framework */; };
		0646249E205F026300072191 /* TodayViewController.swift in Sources */ = {isa = PBXBuildFile; fileRef = 0646249D205F026300072191 /* TodayViewController.swift */; };
		064624A1205F026300072191 /* MainInterface.storyboard in Resources */ = {isa = PBXBuildFile; fileRef = 0646249F205F026300072191 /* MainInterface.storyboard */; };
		064624A5205F026300072191 /* Example_Extension.appex in Embed App Extensions */ = {isa = PBXBuildFile; fileRef = 06462499205F026300072191 /* Example_Extension.appex */; settings = {ATTRIBUTES = (RemoveHeadersOnCopy, ); }; };
		9F265BD11F9AC69300DC14BF /* Assets.xcassets in Resources */ = {isa = PBXBuildFile; fileRef = 9F265BC91F9AC69300DC14BF /* Assets.xcassets */; };
		9F265BD31F9AC69300DC14BF /* LaunchScreen.storyboard in Resources */ = {isa = PBXBuildFile; fileRef = 9F265BCB1F9AC69300DC14BF /* LaunchScreen.storyboard */; };
		9F265BD41F9AC69300DC14BF /* Main.storyboard in Resources */ = {isa = PBXBuildFile; fileRef = 9F265BCD1F9AC69300DC14BF /* Main.storyboard */; };
		9F265BD51F9AC69300DC14BF /* AppDelegate.swift in Sources */ = {isa = PBXBuildFile; fileRef = 9F265BCF1F9AC69300DC14BF /* AppDelegate.swift */; };
		9F265BDA1F9AE50400DC14BF /* AppAuth.framework in Frameworks */ = {isa = PBXBuildFile; fileRef = 9F265BD91F9AE50400DC14BF /* AppAuth.framework */; };
		9FD378231FB7C6F800436204 /* AppAuthExampleViewController.swift in Sources */ = {isa = PBXBuildFile; fileRef = 9FD378221FB7C6F800436204 /* AppAuthExampleViewController.swift */; };
/* End PBXBuildFile section */

/* Begin PBXContainerItemProxy section */
		064624A3205F026300072191 /* PBXContainerItemProxy */ = {
			isa = PBXContainerItemProxy;
			containerPortal = 9F265B8F1F9AC5D600DC14BF /* Project object */;
			proxyType = 1;
			remoteGlobalIDString = 06462498205F026300072191;
			remoteInfo = Example_Extension;
		};
/* End PBXContainerItemProxy section */

/* Begin PBXCopyFilesBuildPhase section */
		064624A9205F026300072191 /* Embed App Extensions */ = {
			isa = PBXCopyFilesBuildPhase;
			buildActionMask = 2147483647;
			dstPath = "";
			dstSubfolderSpec = 13;
			files = (
				064624A5205F026300072191 /* Example_Extension.appex in Embed App Extensions */,
			);
			name = "Embed App Extensions";
			runOnlyForDeploymentPostprocessing = 0;
		};
/* End PBXCopyFilesBuildPhase section */

/* Begin PBXFileReference section */
		06375C8721A4E50E00338E3F /* AppAuthCore.framework */ = {isa = PBXFileReference; lastKnownFileType = wrapper.framework; name = AppAuthCore.framework; path = Carthage/Build/iOS/AppAuthCore.framework; sourceTree = "<group>"; };
		06462499205F026300072191 /* Example_Extension.appex */ = {isa = PBXFileReference; explicitFileType = "wrapper.app-extension"; includeInIndex = 0; path = Example_Extension.appex; sourceTree = BUILT_PRODUCTS_DIR; };
		0646249A205F026300072191 /* NotificationCenter.framework */ = {isa = PBXFileReference; lastKnownFileType = wrapper.framework; name = NotificationCenter.framework; path = System/Library/Frameworks/NotificationCenter.framework; sourceTree = SDKROOT; };
		0646249D205F026300072191 /* TodayViewController.swift */ = {isa = PBXFileReference; lastKnownFileType = sourcecode.swift; path = TodayViewController.swift; sourceTree = "<group>"; };
		064624A0205F026300072191 /* Base */ = {isa = PBXFileReference; lastKnownFileType = file.storyboard; name = Base; path = Base.lproj/MainInterface.storyboard; sourceTree = "<group>"; };
		064624A2205F026300072191 /* Info.plist */ = {isa = PBXFileReference; lastKnownFileType = text.plist.xml; path = Info.plist; sourceTree = "<group>"; };
		064624AD205F034A00072191 /* Example.entitlements */ = {isa = PBXFileReference; lastKnownFileType = text.plist.entitlements; path = Example.entitlements; sourceTree = "<group>"; };
		064624AE205F035D00072191 /* Example_Extension.entitlements */ = {isa = PBXFileReference; lastKnownFileType = text.plist.entitlements; path = Example_Extension.entitlements; sourceTree = "<group>"; };
		9F265B971F9AC5D600DC14BF /* Example.app */ = {isa = PBXFileReference; explicitFileType = wrapper.application; includeInIndex = 0; path = Example.app; sourceTree = BUILT_PRODUCTS_DIR; };
		9F265BC91F9AC69300DC14BF /* Assets.xcassets */ = {isa = PBXFileReference; lastKnownFileType = folder.assetcatalog; path = Assets.xcassets; sourceTree = "<group>"; };
		9F265BCC1F9AC69300DC14BF /* Base */ = {isa = PBXFileReference; lastKnownFileType = file.storyboard; name = Base; path = Base.lproj/LaunchScreen.storyboard; sourceTree = "<group>"; };
		9F265BCE1F9AC69300DC14BF /* Base */ = {isa = PBXFileReference; lastKnownFileType = file.storyboard; name = Base; path = Base.lproj/Main.storyboard; sourceTree = "<group>"; };
		9F265BCF1F9AC69300DC14BF /* AppDelegate.swift */ = {isa = PBXFileReference; fileEncoding = 4; lastKnownFileType = sourcecode.swift; path = AppDelegate.swift; sourceTree = "<group>"; };
		9F265BD01F9AC69300DC14BF /* Info.plist */ = {isa = PBXFileReference; fileEncoding = 4; lastKnownFileType = text.plist.xml; path = Info.plist; sourceTree = "<group>"; };
		9F265BD91F9AE50400DC14BF /* AppAuth.framework */ = {isa = PBXFileReference; lastKnownFileType = wrapper.framework; name = AppAuth.framework; path = Carthage/Build/iOS/AppAuth.framework; sourceTree = "<group>"; };
		9FD378221FB7C6F800436204 /* AppAuthExampleViewController.swift */ = {isa = PBXFileReference; fileEncoding = 4; lastKnownFileType = sourcecode.swift; path = AppAuthExampleViewController.swift; sourceTree = "<group>"; };
/* End PBXFileReference section */

/* Begin PBXFrameworksBuildPhase section */
		06462496205F026300072191 /* Frameworks */ = {
			isa = PBXFrameworksBuildPhase;
			buildActionMask = 2147483647;
			files = (
				06375C8821A4E50E00338E3F /* AppAuthCore.framework in Frameworks */,
				0646249B205F026300072191 /* NotificationCenter.framework in Frameworks */,
			);
			runOnlyForDeploymentPostprocessing = 0;
		};
		9F265B941F9AC5D600DC14BF /* Frameworks */ = {
			isa = PBXFrameworksBuildPhase;
			buildActionMask = 2147483647;
			files = (
				9F265BDA1F9AE50400DC14BF /* AppAuth.framework in Frameworks */,
			);
			runOnlyForDeploymentPostprocessing = 0;
		};
/* End PBXFrameworksBuildPhase section */

/* Begin PBXGroup section */
		0646249C205F026300072191 /* Example_Extension */ = {
			isa = PBXGroup;
			children = (
				0646249D205F026300072191 /* TodayViewController.swift */,
				0646249F205F026300072191 /* MainInterface.storyboard */,
				064624A2205F026300072191 /* Info.plist */,
				064624AE205F035D00072191 /* Example_Extension.entitlements */,
			);
			path = Example_Extension;
			sourceTree = "<group>";
		};
		9F265B8E1F9AC5D600DC14BF = {
			isa = PBXGroup;
			children = (
				9F265BC81F9AC69300DC14BF /* Source */,
				0646249C205F026300072191 /* Example_Extension */,
				9F265BD81F9AE4CA00DC14BF /* Frameworks */,
				9F265B981F9AC5D600DC14BF /* Products */,
			);
			sourceTree = "<group>";
		};
		9F265B981F9AC5D600DC14BF /* Products */ = {
			isa = PBXGroup;
			children = (
				9F265B971F9AC5D600DC14BF /* Example.app */,
				06462499205F026300072191 /* Example_Extension.appex */,
			);
			name = Products;
			sourceTree = "<group>";
		};
		9F265BC81F9AC69300DC14BF /* Source */ = {
			isa = PBXGroup;
			children = (
				9F265BCF1F9AC69300DC14BF /* AppDelegate.swift */,
				9FD378221FB7C6F800436204 /* AppAuthExampleViewController.swift */,
				9F265BCB1F9AC69300DC14BF /* LaunchScreen.storyboard */,
				9F265BCD1F9AC69300DC14BF /* Main.storyboard */,
				9F265BC91F9AC69300DC14BF /* Assets.xcassets */,
				9F265BD01F9AC69300DC14BF /* Info.plist */,
				064624AD205F034A00072191 /* Example.entitlements */,
			);
			path = Source;
			sourceTree = "<group>";
		};
		9F265BD81F9AE4CA00DC14BF /* Frameworks */ = {
			isa = PBXGroup;
			children = (
				06375C8721A4E50E00338E3F /* AppAuthCore.framework */,
				9F265BD91F9AE50400DC14BF /* AppAuth.framework */,
				0646249A205F026300072191 /* NotificationCenter.framework */,
			);
			name = Frameworks;
			sourceTree = "<group>";
		};
/* End PBXGroup section */

/* Begin PBXNativeTarget section */
		06462498205F026300072191 /* Example_Extension */ = {
			isa = PBXNativeTarget;
			buildConfigurationList = 064624A8205F026300072191 /* Build configuration list for PBXNativeTarget "Example_Extension" */;
			buildPhases = (
				06462495205F026300072191 /* Sources */,
				06462496205F026300072191 /* Frameworks */,
				06462497205F026300072191 /* Resources */,
				06375C8921A4E56B00338E3F /* Carthage */,
			);
			buildRules = (
			);
			dependencies = (
			);
			name = Example_Extension;
			productName = Example_Extension;
			productReference = 06462499205F026300072191 /* Example_Extension.appex */;
			productType = "com.apple.product-type.app-extension";
		};
		9F265B961F9AC5D600DC14BF /* Example */ = {
			isa = PBXNativeTarget;
			buildConfigurationList = 9F265BBF1F9AC5D600DC14BF /* Build configuration list for PBXNativeTarget "Example" */;
			buildPhases = (
				9F265B931F9AC5D600DC14BF /* Sources */,
				9F265B941F9AC5D600DC14BF /* Frameworks */,
				9F265B951F9AC5D600DC14BF /* Resources */,
				9F265BDB1F9AE52C00DC14BF /* Carthage */,
				064624A9205F026300072191 /* Embed App Extensions */,
			);
			buildRules = (
			);
			dependencies = (
				064624A4205F026300072191 /* PBXTargetDependency */,
			);
			name = Example;
			productName = Example;
			productReference = 9F265B971F9AC5D600DC14BF /* Example.app */;
			productType = "com.apple.product-type.application";
		};
/* End PBXNativeTarget section */

/* Begin PBXProject section */
		9F265B8F1F9AC5D600DC14BF /* Project object */ = {
			isa = PBXProject;
			attributes = {
				LastSwiftUpdateCheck = 0920;
				LastUpgradeCheck = 0900;
				ORGANIZATIONNAME = "Google Inc.";
				TargetAttributes = {
					06462498205F026300072191 = {
						CreatedOnToolsVersion = 9.2;
						ProvisioningStyle = Automatic;
						SystemCapabilities = {
							com.apple.ApplicationGroups.iOS = {
								enabled = 1;
							};
						};
					};
					9F265B961F9AC5D600DC14BF = {
						CreatedOnToolsVersion = 9.0.1;
						ProvisioningStyle = Automatic;
						SystemCapabilities = {
							com.apple.ApplicationGroups.iOS = {
								enabled = 1;
							};
						};
					};
				};
			};
			buildConfigurationList = 9F265B921F9AC5D600DC14BF /* Build configuration list for PBXProject "Example" */;
			compatibilityVersion = "Xcode 8.0";
			developmentRegion = en;
			hasScannedForEncodings = 0;
			knownRegions = (
				en,
				Base,
			);
			mainGroup = 9F265B8E1F9AC5D600DC14BF;
			productRefGroup = 9F265B981F9AC5D600DC14BF /* Products */;
			projectDirPath = "";
			projectRoot = "";
			targets = (
				9F265B961F9AC5D600DC14BF /* Example */,
				06462498205F026300072191 /* Example_Extension */,
			);
		};
/* End PBXProject section */

/* Begin PBXResourcesBuildPhase section */
		06462497205F026300072191 /* Resources */ = {
			isa = PBXResourcesBuildPhase;
			buildActionMask = 2147483647;
			files = (
				064624A1205F026300072191 /* MainInterface.storyboard in Resources */,
			);
			runOnlyForDeploymentPostprocessing = 0;
		};
		9F265B951F9AC5D600DC14BF /* Resources */ = {
			isa = PBXResourcesBuildPhase;
			buildActionMask = 2147483647;
			files = (
				9F265BD41F9AC69300DC14BF /* Main.storyboard in Resources */,
				9F265BD11F9AC69300DC14BF /* Assets.xcassets in Resources */,
				9F265BD31F9AC69300DC14BF /* LaunchScreen.storyboard in Resources */,
			);
			runOnlyForDeploymentPostprocessing = 0;
		};
/* End PBXResourcesBuildPhase section */

/* Begin PBXShellScriptBuildPhase section */
		06375C8921A4E56B00338E3F /* Carthage */ = {
			isa = PBXShellScriptBuildPhase;
			buildActionMask = 2147483647;
			files = (
			);
			inputFileListPaths = (
			);
			inputPaths = (
				"$(SRCROOT)/Carthage/Build/iOS/AppAuth.framework",
			);
			name = Carthage;
			outputFileListPaths = (
			);
			outputPaths = (
			);
			runOnlyForDeploymentPostprocessing = 0;
			shellPath = /bin/sh;
			shellScript = "/usr/local/bin/carthage copy-frameworks\n";
		};
		9F265BDB1F9AE52C00DC14BF /* Carthage */ = {
			isa = PBXShellScriptBuildPhase;
			buildActionMask = 2147483647;
			files = (
			);
			inputPaths = (
				"$(SRCROOT)/Carthage/Build/iOS/AppAuth.framework",
			);
			name = Carthage;
			outputPaths = (
			);
			runOnlyForDeploymentPostprocessing = 0;
			shellPath = /bin/sh;
			shellScript = "/usr/local/bin/carthage copy-frameworks\n";
		};
/* End PBXShellScriptBuildPhase section */

/* Begin PBXSourcesBuildPhase section */
		06462495205F026300072191 /* Sources */ = {
			isa = PBXSourcesBuildPhase;
			buildActionMask = 2147483647;
			files = (
				0646249E205F026300072191 /* TodayViewController.swift in Sources */,
			);
			runOnlyForDeploymentPostprocessing = 0;
		};
		9F265B931F9AC5D600DC14BF /* Sources */ = {
			isa = PBXSourcesBuildPhase;
			buildActionMask = 2147483647;
			files = (
				9FD378231FB7C6F800436204 /* AppAuthExampleViewController.swift in Sources */,
				9F265BD51F9AC69300DC14BF /* AppDelegate.swift in Sources */,
			);
			runOnlyForDeploymentPostprocessing = 0;
		};
/* End PBXSourcesBuildPhase section */

/* Begin PBXTargetDependency section */
		064624A4205F026300072191 /* PBXTargetDependency */ = {
			isa = PBXTargetDependency;
			target = 06462498205F026300072191 /* Example_Extension */;
			targetProxy = 064624A3205F026300072191 /* PBXContainerItemProxy */;
		};
/* End PBXTargetDependency section */

/* Begin PBXVariantGroup section */
		0646249F205F026300072191 /* MainInterface.storyboard */ = {
			isa = PBXVariantGroup;
			children = (
				064624A0205F026300072191 /* Base */,
			);
			name = MainInterface.storyboard;
			sourceTree = "<group>";
		};
		9F265BCB1F9AC69300DC14BF /* LaunchScreen.storyboard */ = {
			isa = PBXVariantGroup;
			children = (
				9F265BCC1F9AC69300DC14BF /* Base */,
			);
			name = LaunchScreen.storyboard;
			sourceTree = "<group>";
		};
		9F265BCD1F9AC69300DC14BF /* Main.storyboard */ = {
			isa = PBXVariantGroup;
			children = (
				9F265BCE1F9AC69300DC14BF /* Base */,
			);
			name = Main.storyboard;
			sourceTree = "<group>";
		};
/* End PBXVariantGroup section */

/* Begin XCBuildConfiguration section */
		064624A6205F026300072191 /* Debug */ = {
			isa = XCBuildConfiguration;
			buildSettings = {
				CODE_SIGN_ENTITLEMENTS = Example_Extension/Example_Extension.entitlements;
				CODE_SIGN_STYLE = Automatic;
				DEVELOPMENT_TEAM = "";
				FRAMEWORK_SEARCH_PATHS = (
					"$(inherited)",
					"$(PROJECT_DIR)/Carthage/Build/iOS",
				);
				INFOPLIST_FILE = Example_Extension/Info.plist;
				IPHONEOS_DEPLOYMENT_TARGET = 9.0;
				LD_RUNPATH_SEARCH_PATHS = "$(inherited) @executable_path/Frameworks @executable_path/../../Frameworks";
				PRODUCT_BUNDLE_IDENTIFIER = "net.openid.appauth.Example.Example-Extension";
				PRODUCT_NAME = "$(TARGET_NAME)";
				SKIP_INSTALL = YES;
				SWIFT_VERSION = 4.0;
				TARGETED_DEVICE_FAMILY = "1,2";
			};
			name = Debug;
		};
		064624A7205F026300072191 /* Release */ = {
			isa = XCBuildConfiguration;
			buildSettings = {
				CODE_SIGN_ENTITLEMENTS = Example_Extension/Example_Extension.entitlements;
				CODE_SIGN_STYLE = Automatic;
				DEVELOPMENT_TEAM = "";
				FRAMEWORK_SEARCH_PATHS = (
					"$(inherited)",
					"$(PROJECT_DIR)/Carthage/Build/iOS",
				);
				INFOPLIST_FILE = Example_Extension/Info.plist;
				IPHONEOS_DEPLOYMENT_TARGET = 9.0;
				LD_RUNPATH_SEARCH_PATHS = "$(inherited) @executable_path/Frameworks @executable_path/../../Frameworks";
				PRODUCT_BUNDLE_IDENTIFIER = "net.openid.appauth.Example.Example-Extension";
				PRODUCT_NAME = "$(TARGET_NAME)";
				SKIP_INSTALL = YES;
				SWIFT_VERSION = 4.0;
				TARGETED_DEVICE_FAMILY = "1,2";
			};
			name = Release;
		};
		9F265BBD1F9AC5D600DC14BF /* Debug */ = {
			isa = XCBuildConfiguration;
			buildSettings = {
				ALWAYS_SEARCH_USER_PATHS = NO;
				CLANG_ANALYZER_NONNULL = YES;
				CLANG_ANALYZER_NUMBER_OBJECT_CONVERSION = YES_AGGRESSIVE;
				CLANG_CXX_LANGUAGE_STANDARD = "gnu++14";
				CLANG_CXX_LIBRARY = "libc++";
				CLANG_ENABLE_MODULES = YES;
				CLANG_ENABLE_OBJC_ARC = YES;
				CLANG_WARN_BLOCK_CAPTURE_AUTORELEASING = YES;
				CLANG_WARN_BOOL_CONVERSION = YES;
				CLANG_WARN_COMMA = YES;
				CLANG_WARN_CONSTANT_CONVERSION = YES;
				CLANG_WARN_DIRECT_OBJC_ISA_USAGE = YES_ERROR;
				CLANG_WARN_DOCUMENTATION_COMMENTS = YES;
				CLANG_WARN_EMPTY_BODY = YES;
				CLANG_WARN_ENUM_CONVERSION = YES;
				CLANG_WARN_INFINITE_RECURSION = YES;
				CLANG_WARN_INT_CONVERSION = YES;
				CLANG_WARN_NON_LITERAL_NULL_CONVERSION = YES;
				CLANG_WARN_OBJC_LITERAL_CONVERSION = YES;
				CLANG_WARN_OBJC_ROOT_CLASS = YES_ERROR;
				CLANG_WARN_RANGE_LOOP_ANALYSIS = YES;
				CLANG_WARN_STRICT_PROTOTYPES = YES;
				CLANG_WARN_SUSPICIOUS_MOVE = YES;
				CLANG_WARN_UNGUARDED_AVAILABILITY = YES_AGGRESSIVE;
				CLANG_WARN_UNREACHABLE_CODE = YES;
				CLANG_WARN__DUPLICATE_METHOD_MATCH = YES;
				CODE_SIGN_IDENTITY = "iPhone Developer";
				COPY_PHASE_STRIP = NO;
				DEBUG_INFORMATION_FORMAT = dwarf;
				ENABLE_STRICT_OBJC_MSGSEND = YES;
				ENABLE_TESTABILITY = YES;
				GCC_C_LANGUAGE_STANDARD = gnu11;
				GCC_DYNAMIC_NO_PIC = NO;
				GCC_NO_COMMON_BLOCKS = YES;
				GCC_OPTIMIZATION_LEVEL = 0;
				GCC_PREPROCESSOR_DEFINITIONS = (
					"DEBUG=1",
					"$(inherited)",
				);
				GCC_WARN_64_TO_32_BIT_CONVERSION = YES;
				GCC_WARN_ABOUT_RETURN_TYPE = YES_ERROR;
				GCC_WARN_UNDECLARED_SELECTOR = YES;
				GCC_WARN_UNINITIALIZED_AUTOS = YES_AGGRESSIVE;
				GCC_WARN_UNUSED_FUNCTION = YES;
				GCC_WARN_UNUSED_VARIABLE = YES;
				IPHONEOS_DEPLOYMENT_TARGET = 11.0;
				MTL_ENABLE_DEBUG_INFO = YES;
				ONLY_ACTIVE_ARCH = YES;
				SDKROOT = iphoneos;
				SWIFT_ACTIVE_COMPILATION_CONDITIONS = DEBUG;
				SWIFT_OPTIMIZATION_LEVEL = "-Onone";
			};
			name = Debug;
		};
		9F265BBE1F9AC5D600DC14BF /* Release */ = {
			isa = XCBuildConfiguration;
			buildSettings = {
				ALWAYS_SEARCH_USER_PATHS = NO;
				CLANG_ANALYZER_NONNULL = YES;
				CLANG_ANALYZER_NUMBER_OBJECT_CONVERSION = YES_AGGRESSIVE;
				CLANG_CXX_LANGUAGE_STANDARD = "gnu++14";
				CLANG_CXX_LIBRARY = "libc++";
				CLANG_ENABLE_MODULES = YES;
				CLANG_ENABLE_OBJC_ARC = YES;
				CLANG_WARN_BLOCK_CAPTURE_AUTORELEASING = YES;
				CLANG_WARN_BOOL_CONVERSION = YES;
				CLANG_WARN_COMMA = YES;
				CLANG_WARN_CONSTANT_CONVERSION = YES;
				CLANG_WARN_DIRECT_OBJC_ISA_USAGE = YES_ERROR;
				CLANG_WARN_DOCUMENTATION_COMMENTS = YES;
				CLANG_WARN_EMPTY_BODY = YES;
				CLANG_WARN_ENUM_CONVERSION = YES;
				CLANG_WARN_INFINITE_RECURSION = YES;
				CLANG_WARN_INT_CONVERSION = YES;
				CLANG_WARN_NON_LITERAL_NULL_CONVERSION = YES;
				CLANG_WARN_OBJC_LITERAL_CONVERSION = YES;
				CLANG_WARN_OBJC_ROOT_CLASS = YES_ERROR;
				CLANG_WARN_RANGE_LOOP_ANALYSIS = YES;
				CLANG_WARN_STRICT_PROTOTYPES = YES;
				CLANG_WARN_SUSPICIOUS_MOVE = YES;
				CLANG_WARN_UNGUARDED_AVAILABILITY = YES_AGGRESSIVE;
				CLANG_WARN_UNREACHABLE_CODE = YES;
				CLANG_WARN__DUPLICATE_METHOD_MATCH = YES;
				CODE_SIGN_IDENTITY = "iPhone Developer";
				COPY_PHASE_STRIP = NO;
				DEBUG_INFORMATION_FORMAT = "dwarf-with-dsym";
				ENABLE_NS_ASSERTIONS = NO;
				ENABLE_STRICT_OBJC_MSGSEND = YES;
				GCC_C_LANGUAGE_STANDARD = gnu11;
				GCC_NO_COMMON_BLOCKS = YES;
				GCC_WARN_64_TO_32_BIT_CONVERSION = YES;
				GCC_WARN_ABOUT_RETURN_TYPE = YES_ERROR;
				GCC_WARN_UNDECLARED_SELECTOR = YES;
				GCC_WARN_UNINITIALIZED_AUTOS = YES_AGGRESSIVE;
				GCC_WARN_UNUSED_FUNCTION = YES;
				GCC_WARN_UNUSED_VARIABLE = YES;
				IPHONEOS_DEPLOYMENT_TARGET = 11.0;
				MTL_ENABLE_DEBUG_INFO = NO;
				SDKROOT = iphoneos;
				SWIFT_OPTIMIZATION_LEVEL = "-Owholemodule";
				VALIDATE_PRODUCT = YES;
			};
			name = Release;
		};
		9F265BC01F9AC5D600DC14BF /* Debug */ = {
			isa = XCBuildConfiguration;
			buildSettings = {
				ALWAYS_EMBED_SWIFT_STANDARD_LIBRARIES = YES;
				ASSETCATALOG_COMPILER_APPICON_NAME = AppIcon;
				CODE_SIGN_ENTITLEMENTS = Source/Example.entitlements;
				CODE_SIGN_STYLE = Automatic;
				DEVELOPMENT_TEAM = "";
				FRAMEWORK_SEARCH_PATHS = (
					"$(inherited)",
					"$(PROJECT_DIR)/Carthage/Build/iOS",
				);
				INFOPLIST_FILE = Source/Info.plist;
				IPHONEOS_DEPLOYMENT_TARGET = 9.0;
				LD_RUNPATH_SEARCH_PATHS = "$(inherited) @executable_path/Frameworks";
				PRODUCT_BUNDLE_IDENTIFIER = net.openid.appauth.Example;
				PRODUCT_NAME = "$(TARGET_NAME)";
				SWIFT_VERSION = 4.0;
				TARGETED_DEVICE_FAMILY = "1,2";
			};
			name = Debug;
		};
		9F265BC11F9AC5D600DC14BF /* Release */ = {
			isa = XCBuildConfiguration;
			buildSettings = {
				ALWAYS_EMBED_SWIFT_STANDARD_LIBRARIES = YES;
				ASSETCATALOG_COMPILER_APPICON_NAME = AppIcon;
				CODE_SIGN_ENTITLEMENTS = Source/Example.entitlements;
				CODE_SIGN_STYLE = Automatic;
				DEVELOPMENT_TEAM = "";
				FRAMEWORK_SEARCH_PATHS = (
					"$(inherited)",
					"$(PROJECT_DIR)/Carthage/Build/iOS",
				);
				INFOPLIST_FILE = Source/Info.plist;
				IPHONEOS_DEPLOYMENT_TARGET = 9.0;
				LD_RUNPATH_SEARCH_PATHS = "$(inherited) @executable_path/Frameworks";
				PRODUCT_BUNDLE_IDENTIFIER = net.openid.appauth.Example;
				PRODUCT_NAME = "$(TARGET_NAME)";
				SWIFT_VERSION = 4.0;
				TARGETED_DEVICE_FAMILY = "1,2";
			};
			name = Release;
		};
/* End XCBuildConfiguration section */

/* Begin XCConfigurationList section */
		064624A8205F026300072191 /* Build configuration list for PBXNativeTarget "Example_Extension" */ = {
			isa = XCConfigurationList;
			buildConfigurations = (
				064624A6205F026300072191 /* Debug */,
				064624A7205F026300072191 /* Release */,
			);
			defaultConfigurationIsVisible = 0;
			defaultConfigurationName = Release;
		};
		9F265B921F9AC5D600DC14BF /* Build configuration list for PBXProject "Example" */ = {
			isa = XCConfigurationList;
			buildConfigurations = (
				9F265BBD1F9AC5D600DC14BF /* Debug */,
				9F265BBE1F9AC5D600DC14BF /* Release */,
			);
			defaultConfigurationIsVisible = 0;
			defaultConfigurationName = Release;
		};
		9F265BBF1F9AC5D600DC14BF /* Build configuration list for PBXNativeTarget "Example" */ = {
			isa = XCConfigurationList;
			buildConfigurations = (
				9F265BC01F9AC5D600DC14BF /* Debug */,
				9F265BC11F9AC5D600DC14BF /* Release */,
			);
			defaultConfigurationIsVisible = 0;
			defaultConfigurationName = Release;
		};
/* End XCConfigurationList section */
	};
	rootObject = 9F265B8F1F9AC5D600DC14BF /* Project object */;
}
