// !$*UTF8*$!
{
	archiveVersion = 1;
	classes = {
	};
	objectVersion = 46;
	objects = {

/* Begin PBXBuildFile section */
		340DAE571D5821A100EC285B /* OIDAuthorizationService+Mac.m in Sources */ = {isa = PBXBuildFile; fileRef = 340DAE261D581FE700EC285B /* OIDAuthorizationService+Mac.m */; };
		340DAE581D5821A100EC285B /* OIDAuthorizationUICoordinatorMac.m in Sources */ = {isa = PBXBuildFile; fileRef = 340DAE281D581FE700EC285B /* OIDAuthorizationUICoordinatorMac.m */; };
		340DAE591D5821A100EC285B /* OIDAuthState+Mac.m in Sources */ = {isa = PBXBuildFile; fileRef = 340DAE2A1D581FE700EC285B /* OIDAuthState+Mac.m */; };
		340DAE5A1D5821AB00EC285B /* OIDAuthorizationRequest.m in Sources */ = {isa = PBXBuildFile; fileRef = 341741B51C5D8243000EF209 /* OIDAuthorizationRequest.m */; };
		340DAE5B1D5821AB00EC285B /* OIDAuthorizationResponse.m in Sources */ = {isa = PBXBuildFile; fileRef = 341741B71C5D8243000EF209 /* OIDAuthorizationResponse.m */; };
		340DAE5C1D5821AB00EC285B /* OIDAuthorizationService.m in Sources */ = {isa = PBXBuildFile; fileRef = 341741B91C5D8243000EF209 /* OIDAuthorizationService.m */; };
		340DAE5D1D5821AB00EC285B /* OIDAuthState.m in Sources */ = {isa = PBXBuildFile; fileRef = 341741BB1C5D8243000EF209 /* OIDAuthState.m */; };
		340DAE5E1D5821AB00EC285B /* OIDError.m in Sources */ = {isa = PBXBuildFile; fileRef = 341741C01C5D8243000EF209 /* OIDError.m */; };
		340DAE5F1D5821AB00EC285B /* OIDErrorUtilities.m in Sources */ = {isa = PBXBuildFile; fileRef = 341741C21C5D8243000EF209 /* OIDErrorUtilities.m */; };
		340DAE601D5821AB00EC285B /* OIDFieldMapping.m in Sources */ = {isa = PBXBuildFile; fileRef = 341741C41C5D8243000EF209 /* OIDFieldMapping.m */; };
		340DAE611D5821AB00EC285B /* OIDGrantTypes.m in Sources */ = {isa = PBXBuildFile; fileRef = 341741C61C5D8243000EF209 /* OIDGrantTypes.m */; };
		340DAE621D5821AB00EC285B /* OIDResponseTypes.m in Sources */ = {isa = PBXBuildFile; fileRef = 341741C81C5D8243000EF209 /* OIDResponseTypes.m */; };
		340DAE631D5821AB00EC285B /* OIDScopes.m in Sources */ = {isa = PBXBuildFile; fileRef = 341741CA1C5D8243000EF209 /* OIDScopes.m */; };
		340DAE641D5821AB00EC285B /* OIDScopeUtilities.m in Sources */ = {isa = PBXBuildFile; fileRef = 341741CC1C5D8243000EF209 /* OIDScopeUtilities.m */; };
		340DAE651D5821AB00EC285B /* OIDServiceConfiguration.m in Sources */ = {isa = PBXBuildFile; fileRef = 341741CE1C5D8243000EF209 /* OIDServiceConfiguration.m */; };
		340DAE661D5821AB00EC285B /* OIDServiceDiscovery.m in Sources */ = {isa = PBXBuildFile; fileRef = 341741D01C5D8243000EF209 /* OIDServiceDiscovery.m */; };
		340DAE671D5821AB00EC285B /* OIDTokenRequest.m in Sources */ = {isa = PBXBuildFile; fileRef = 341741D21C5D8243000EF209 /* OIDTokenRequest.m */; };
		340DAE681D5821AB00EC285B /* OIDTokenResponse.m in Sources */ = {isa = PBXBuildFile; fileRef = 341741D41C5D8243000EF209 /* OIDTokenResponse.m */; };
		340DAE691D5821AB00EC285B /* OIDTokenUtilities.m in Sources */ = {isa = PBXBuildFile; fileRef = 341741D61C5D8243000EF209 /* OIDTokenUtilities.m */; };
		340DAE6A1D5821AB00EC285B /* OIDURLQueryComponent.m in Sources */ = {isa = PBXBuildFile; fileRef = 341741D81C5D8243000EF209 /* OIDURLQueryComponent.m */; };
		340DAE741D58223A00EC285B /* AppAuth.h in Headers */ = {isa = PBXBuildFile; fileRef = 341741AF1C5D8243000EF209 /* AppAuth.h */; };
		340DAEBC1D582AF100EC285B /* OIDRedirectHTTPHandler.m in Sources */ = {isa = PBXBuildFile; fileRef = 340DAEBA1D582AF100EC285B /* OIDRedirectHTTPHandler.m */; };
		340DAECB1D582DE100EC285B /* OIDAuthorizationService+IOS.m in Sources */ = {isa = PBXBuildFile; fileRef = F6F60FB11D2BFEFE00325CB3 /* OIDAuthorizationService+IOS.m */; };
		340DAECC1D582DE100EC285B /* OIDAuthState+IOS.m in Sources */ = {isa = PBXBuildFile; fileRef = F6F60FB01D2BFEFE00325CB3 /* OIDAuthState+IOS.m */; };
		340DAECD1D582DE100EC285B /* OIDAuthorizationUICoordinatorIOS.m in Sources */ = {isa = PBXBuildFile; fileRef = F6F60FB21D2BFEFE00325CB3 /* OIDAuthorizationUICoordinatorIOS.m */; };
		341741DB1C5D8243000EF209 /* OIDAuthorizationRequest.m in Sources */ = {isa = PBXBuildFile; fileRef = 341741B51C5D8243000EF209 /* OIDAuthorizationRequest.m */; };
		341741DC1C5D8243000EF209 /* OIDAuthorizationResponse.m in Sources */ = {isa = PBXBuildFile; fileRef = 341741B71C5D8243000EF209 /* OIDAuthorizationResponse.m */; };
		341741DD1C5D8243000EF209 /* OIDAuthorizationService.m in Sources */ = {isa = PBXBuildFile; fileRef = 341741B91C5D8243000EF209 /* OIDAuthorizationService.m */; };
		341741DE1C5D8243000EF209 /* OIDAuthState.m in Sources */ = {isa = PBXBuildFile; fileRef = 341741BB1C5D8243000EF209 /* OIDAuthState.m */; };
		341741DF1C5D8243000EF209 /* OIDError.m in Sources */ = {isa = PBXBuildFile; fileRef = 341741C01C5D8243000EF209 /* OIDError.m */; };
		341741E01C5D8243000EF209 /* OIDErrorUtilities.m in Sources */ = {isa = PBXBuildFile; fileRef = 341741C21C5D8243000EF209 /* OIDErrorUtilities.m */; };
		341741E11C5D8243000EF209 /* OIDFieldMapping.m in Sources */ = {isa = PBXBuildFile; fileRef = 341741C41C5D8243000EF209 /* OIDFieldMapping.m */; };
		341741E21C5D8243000EF209 /* OIDGrantTypes.m in Sources */ = {isa = PBXBuildFile; fileRef = 341741C61C5D8243000EF209 /* OIDGrantTypes.m */; };
		341741E31C5D8243000EF209 /* OIDResponseTypes.m in Sources */ = {isa = PBXBuildFile; fileRef = 341741C81C5D8243000EF209 /* OIDResponseTypes.m */; };
		341741E41C5D8243000EF209 /* OIDScopes.m in Sources */ = {isa = PBXBuildFile; fileRef = 341741CA1C5D8243000EF209 /* OIDScopes.m */; };
		341741E51C5D8243000EF209 /* OIDScopeUtilities.m in Sources */ = {isa = PBXBuildFile; fileRef = 341741CC1C5D8243000EF209 /* OIDScopeUtilities.m */; };
		341741E61C5D8243000EF209 /* OIDServiceConfiguration.m in Sources */ = {isa = PBXBuildFile; fileRef = 341741CE1C5D8243000EF209 /* OIDServiceConfiguration.m */; };
		341741E71C5D8243000EF209 /* OIDServiceDiscovery.m in Sources */ = {isa = PBXBuildFile; fileRef = 341741D01C5D8243000EF209 /* OIDServiceDiscovery.m */; };
		341741E81C5D8243000EF209 /* OIDTokenRequest.m in Sources */ = {isa = PBXBuildFile; fileRef = 341741D21C5D8243000EF209 /* OIDTokenRequest.m */; };
		341741E91C5D8243000EF209 /* OIDTokenResponse.m in Sources */ = {isa = PBXBuildFile; fileRef = 341741D41C5D8243000EF209 /* OIDTokenResponse.m */; };
		341741EA1C5D8243000EF209 /* OIDTokenUtilities.m in Sources */ = {isa = PBXBuildFile; fileRef = 341741D61C5D8243000EF209 /* OIDTokenUtilities.m */; };
		341741EB1C5D8243000EF209 /* OIDURLQueryComponent.m in Sources */ = {isa = PBXBuildFile; fileRef = 341741D81C5D8243000EF209 /* OIDURLQueryComponent.m */; };
		341741F51C5D8283000EF209 /* libAppAuth-iOS.a in Frameworks */ = {isa = PBXBuildFile; fileRef = 340E737C1C5D819B0076B1F6 /* libAppAuth-iOS.a */; };
		341742171C5D82D3000EF209 /* OIDAuthorizationRequestTests.m in Sources */ = {isa = PBXBuildFile; fileRef = 341742011C5D82D3000EF209 /* OIDAuthorizationRequestTests.m */; };
		341742181C5D82D3000EF209 /* OIDAuthorizationResponseTests.m in Sources */ = {isa = PBXBuildFile; fileRef = 341742031C5D82D3000EF209 /* OIDAuthorizationResponseTests.m */; };
		341742191C5D82D3000EF209 /* OIDAuthStateTests.m in Sources */ = {isa = PBXBuildFile; fileRef = 341742051C5D82D3000EF209 /* OIDAuthStateTests.m */; };
		3417421A1C5D82D3000EF209 /* OIDGrantTypesTests.m in Sources */ = {isa = PBXBuildFile; fileRef = 341742061C5D82D3000EF209 /* OIDGrantTypesTests.m */; };
		3417421B1C5D82D3000EF209 /* OIDResponseTypesTests.m in Sources */ = {isa = PBXBuildFile; fileRef = 341742071C5D82D3000EF209 /* OIDResponseTypesTests.m */; };
		3417421C1C5D82D3000EF209 /* OIDScopesTests.m in Sources */ = {isa = PBXBuildFile; fileRef = 341742081C5D82D3000EF209 /* OIDScopesTests.m */; };
		3417421D1C5D82D3000EF209 /* OIDServiceConfigurationTests.m in Sources */ = {isa = PBXBuildFile; fileRef = 3417420A1C5D82D3000EF209 /* OIDServiceConfigurationTests.m */; };
		3417421E1C5D82D3000EF209 /* OIDServiceDiscoveryTests.m in Sources */ = {isa = PBXBuildFile; fileRef = 3417420C1C5D82D3000EF209 /* OIDServiceDiscoveryTests.m */; };
		3417421F1C5D82D3000EF209 /* OIDTokenRequestTests.m in Sources */ = {isa = PBXBuildFile; fileRef = 3417420E1C5D82D3000EF209 /* OIDTokenRequestTests.m */; };
		341742201C5D82D3000EF209 /* OIDTokenResponseTests.m in Sources */ = {isa = PBXBuildFile; fileRef = 341742101C5D82D3000EF209 /* OIDTokenResponseTests.m */; };
		341742211C5D82D3000EF209 /* OIDURLQueryComponentTests.m in Sources */ = {isa = PBXBuildFile; fileRef = 341742121C5D82D3000EF209 /* OIDURLQueryComponentTests.m */; };
		341742221C5D82D3000EF209 /* OIDURLQueryComponentTestsIOS7.m in Sources */ = {isa = PBXBuildFile; fileRef = 341742131C5D82D3000EF209 /* OIDURLQueryComponentTestsIOS7.m */; };
		341742241C5D8317000EF209 /* UnitTestsInfo.plist in Resources */ = {isa = PBXBuildFile; fileRef = 341742231C5D8317000EF209 /* UnitTestsInfo.plist */; };
		3417422B1C5D8502000EF209 /* SafariServices.framework in Frameworks */ = {isa = PBXBuildFile; fileRef = 3417422A1C5D8502000EF209 /* SafariServices.framework */; };
		3417422D1C5D850C000EF209 /* Security.framework in Frameworks */ = {isa = PBXBuildFile; fileRef = 3417422C1C5D850C000EF209 /* Security.framework */; };
		341E70981DE18796004353C1 /* OIDAuthorizationRequest.m in Sources */ = {isa = PBXBuildFile; fileRef = 341741B51C5D8243000EF209 /* OIDAuthorizationRequest.m */; };
		341E70991DE18796004353C1 /* OIDAuthorizationResponse.m in Sources */ = {isa = PBXBuildFile; fileRef = 341741B71C5D8243000EF209 /* OIDAuthorizationResponse.m */; };
		341E709A1DE18796004353C1 /* OIDAuthorizationService.m in Sources */ = {isa = PBXBuildFile; fileRef = 341741B91C5D8243000EF209 /* OIDAuthorizationService.m */; };
		341E709B1DE18796004353C1 /* OIDAuthState.m in Sources */ = {isa = PBXBuildFile; fileRef = 341741BB1C5D8243000EF209 /* OIDAuthState.m */; };
		341E709C1DE18796004353C1 /* OIDError.m in Sources */ = {isa = PBXBuildFile; fileRef = 341741C01C5D8243000EF209 /* OIDError.m */; };
		341E709D1DE18796004353C1 /* OIDErrorUtilities.m in Sources */ = {isa = PBXBuildFile; fileRef = 341741C21C5D8243000EF209 /* OIDErrorUtilities.m */; };
		341E709E1DE18796004353C1 /* OIDFieldMapping.m in Sources */ = {isa = PBXBuildFile; fileRef = 341741C41C5D8243000EF209 /* OIDFieldMapping.m */; };
		341E709F1DE18796004353C1 /* OIDGrantTypes.m in Sources */ = {isa = PBXBuildFile; fileRef = 341741C61C5D8243000EF209 /* OIDGrantTypes.m */; };
		341E70A01DE18796004353C1 /* OIDResponseTypes.m in Sources */ = {isa = PBXBuildFile; fileRef = 341741C81C5D8243000EF209 /* OIDResponseTypes.m */; };
		341E70A11DE18796004353C1 /* OIDScopes.m in Sources */ = {isa = PBXBuildFile; fileRef = 341741CA1C5D8243000EF209 /* OIDScopes.m */; };
		341E70A21DE18796004353C1 /* OIDScopeUtilities.m in Sources */ = {isa = PBXBuildFile; fileRef = 341741CC1C5D8243000EF209 /* OIDScopeUtilities.m */; };
		341E70A31DE18796004353C1 /* OIDServiceConfiguration.m in Sources */ = {isa = PBXBuildFile; fileRef = 341741CE1C5D8243000EF209 /* OIDServiceConfiguration.m */; };
		341E70A41DE18796004353C1 /* OIDServiceDiscovery.m in Sources */ = {isa = PBXBuildFile; fileRef = 341741D01C5D8243000EF209 /* OIDServiceDiscovery.m */; };
		341E70A51DE18796004353C1 /* OIDTokenRequest.m in Sources */ = {isa = PBXBuildFile; fileRef = 341741D21C5D8243000EF209 /* OIDTokenRequest.m */; };
		341E70A61DE18796004353C1 /* OIDTokenResponse.m in Sources */ = {isa = PBXBuildFile; fileRef = 341741D41C5D8243000EF209 /* OIDTokenResponse.m */; };
		341E70A71DE18796004353C1 /* OIDTokenUtilities.m in Sources */ = {isa = PBXBuildFile; fileRef = 341741D61C5D8243000EF209 /* OIDTokenUtilities.m */; };
		341E70A81DE18796004353C1 /* OIDURLQueryComponent.m in Sources */ = {isa = PBXBuildFile; fileRef = 341741D81C5D8243000EF209 /* OIDURLQueryComponent.m */; };
		34FEA6AE1DB6E083005C9212 /* OIDLoopbackHTTPServer.h in Headers */ = {isa = PBXBuildFile; fileRef = 34FEA6AC1DB6E083005C9212 /* OIDLoopbackHTTPServer.h */; };
		34FEA6AF1DB6E083005C9212 /* OIDLoopbackHTTPServer.m in Sources */ = {isa = PBXBuildFile; fileRef = 34FEA6AD1DB6E083005C9212 /* OIDLoopbackHTTPServer.m */; };
/* End PBXBuildFile section */

/* Begin PBXContainerItemProxy section */
		341741F61C5D8283000EF209 /* PBXContainerItemProxy */ = {
			isa = PBXContainerItemProxy;
			containerPortal = 340E73741C5D819B0076B1F6 /* Project object */;
			proxyType = 1;
			remoteGlobalIDString = 340E737B1C5D819B0076B1F6;
			remoteInfo = AppAuth;
		};
/* End PBXContainerItemProxy section */

/* Begin PBXCopyFilesBuildPhase section */
		340E737A1C5D819B0076B1F6 /* CopyFiles */ = {
			isa = PBXCopyFilesBuildPhase;
			buildActionMask = 2147483647;
			dstPath = "include/$(PRODUCT_NAME)";
			dstSubfolderSpec = 16;
			files = (
			);
			runOnlyForDeploymentPostprocessing = 0;
		};
		341E707C1DE18744004353C1 /* CopyFiles */ = {
			isa = PBXCopyFilesBuildPhase;
			buildActionMask = 2147483647;
			dstPath = "include/$(PRODUCT_NAME)";
			dstSubfolderSpec = 16;
			files = (
			);
			runOnlyForDeploymentPostprocessing = 0;
		};
/* End PBXCopyFilesBuildPhase section */

/* Begin PBXFileReference section */
		340DAE251D581FE700EC285B /* OIDAuthorizationService+Mac.h */ = {isa = PBXFileReference; fileEncoding = 4; lastKnownFileType = sourcecode.c.h; path = "OIDAuthorizationService+Mac.h"; sourceTree = "<group>"; };
		340DAE261D581FE700EC285B /* OIDAuthorizationService+Mac.m */ = {isa = PBXFileReference; fileEncoding = 4; lastKnownFileType = sourcecode.c.objc; path = "OIDAuthorizationService+Mac.m"; sourceTree = "<group>"; };
		340DAE271D581FE700EC285B /* OIDAuthorizationUICoordinatorMac.h */ = {isa = PBXFileReference; fileEncoding = 4; lastKnownFileType = sourcecode.c.h; path = OIDAuthorizationUICoordinatorMac.h; sourceTree = "<group>"; };
		340DAE281D581FE700EC285B /* OIDAuthorizationUICoordinatorMac.m */ = {isa = PBXFileReference; fileEncoding = 4; lastKnownFileType = sourcecode.c.objc; path = OIDAuthorizationUICoordinatorMac.m; sourceTree = "<group>"; };
		340DAE291D581FE700EC285B /* OIDAuthState+Mac.h */ = {isa = PBXFileReference; fileEncoding = 4; lastKnownFileType = sourcecode.c.h; path = "OIDAuthState+Mac.h"; sourceTree = "<group>"; };
		340DAE2A1D581FE700EC285B /* OIDAuthState+Mac.m */ = {isa = PBXFileReference; fileEncoding = 4; lastKnownFileType = sourcecode.c.objc; path = "OIDAuthState+Mac.m"; sourceTree = "<group>"; };
		340DAE4E1D58216A00EC285B /* libAppAuth-macOS.a */ = {isa = PBXFileReference; explicitFileType = archive.ar; includeInIndex = 0; path = "libAppAuth-macOS.a"; sourceTree = BUILT_PRODUCTS_DIR; };
		340DAEB91D582AF100EC285B /* OIDRedirectHTTPHandler.h */ = {isa = PBXFileReference; fileEncoding = 4; lastKnownFileType = sourcecode.c.h; path = OIDRedirectHTTPHandler.h; sourceTree = "<group>"; };
		340DAEBA1D582AF100EC285B /* OIDRedirectHTTPHandler.m */ = {isa = PBXFileReference; fileEncoding = 4; lastKnownFileType = sourcecode.c.objc; path = OIDRedirectHTTPHandler.m; sourceTree = "<group>"; };
		340E737C1C5D819B0076B1F6 /* libAppAuth-iOS.a */ = {isa = PBXFileReference; explicitFileType = archive.ar; includeInIndex = 0; path = "libAppAuth-iOS.a"; sourceTree = BUILT_PRODUCTS_DIR; };
		341741AF1C5D8243000EF209 /* AppAuth.h */ = {isa = PBXFileReference; fileEncoding = 4; lastKnownFileType = sourcecode.c.h; path = AppAuth.h; sourceTree = "<group>"; };
		341741B41C5D8243000EF209 /* OIDAuthorizationRequest.h */ = {isa = PBXFileReference; fileEncoding = 4; lastKnownFileType = sourcecode.c.h; path = OIDAuthorizationRequest.h; sourceTree = "<group>"; };
		341741B51C5D8243000EF209 /* OIDAuthorizationRequest.m */ = {isa = PBXFileReference; fileEncoding = 4; lastKnownFileType = sourcecode.c.objc; path = OIDAuthorizationRequest.m; sourceTree = "<group>"; };
		341741B61C5D8243000EF209 /* OIDAuthorizationResponse.h */ = {isa = PBXFileReference; fileEncoding = 4; lastKnownFileType = sourcecode.c.h; path = OIDAuthorizationResponse.h; sourceTree = "<group>"; };
		341741B71C5D8243000EF209 /* OIDAuthorizationResponse.m */ = {isa = PBXFileReference; fileEncoding = 4; lastKnownFileType = sourcecode.c.objc; path = OIDAuthorizationResponse.m; sourceTree = "<group>"; };
		341741B81C5D8243000EF209 /* OIDAuthorizationService.h */ = {isa = PBXFileReference; fileEncoding = 4; lastKnownFileType = sourcecode.c.h; path = OIDAuthorizationService.h; sourceTree = "<group>"; };
		341741B91C5D8243000EF209 /* OIDAuthorizationService.m */ = {isa = PBXFileReference; fileEncoding = 4; lastKnownFileType = sourcecode.c.objc; path = OIDAuthorizationService.m; sourceTree = "<group>"; };
		341741BA1C5D8243000EF209 /* OIDAuthState.h */ = {isa = PBXFileReference; fileEncoding = 4; lastKnownFileType = sourcecode.c.h; path = OIDAuthState.h; sourceTree = "<group>"; };
		341741BB1C5D8243000EF209 /* OIDAuthState.m */ = {isa = PBXFileReference; fileEncoding = 4; lastKnownFileType = sourcecode.c.objc; path = OIDAuthState.m; sourceTree = "<group>"; };
		341741BC1C5D8243000EF209 /* OIDAuthStateChangeDelegate.h */ = {isa = PBXFileReference; fileEncoding = 4; lastKnownFileType = sourcecode.c.h; path = OIDAuthStateChangeDelegate.h; sourceTree = "<group>"; };
		341741BD1C5D8243000EF209 /* OIDAuthStateErrorDelegate.h */ = {isa = PBXFileReference; fileEncoding = 4; lastKnownFileType = sourcecode.c.h; path = OIDAuthStateErrorDelegate.h; sourceTree = "<group>"; };
		341741BE1C5D8243000EF209 /* OIDDefines.h */ = {isa = PBXFileReference; fileEncoding = 4; lastKnownFileType = sourcecode.c.h; path = OIDDefines.h; sourceTree = "<group>"; };
		341741BF1C5D8243000EF209 /* OIDError.h */ = {isa = PBXFileReference; fileEncoding = 4; lastKnownFileType = sourcecode.c.h; path = OIDError.h; sourceTree = "<group>"; };
		341741C01C5D8243000EF209 /* OIDError.m */ = {isa = PBXFileReference; fileEncoding = 4; lastKnownFileType = sourcecode.c.objc; path = OIDError.m; sourceTree = "<group>"; };
		341741C11C5D8243000EF209 /* OIDErrorUtilities.h */ = {isa = PBXFileReference; fileEncoding = 4; lastKnownFileType = sourcecode.c.h; path = OIDErrorUtilities.h; sourceTree = "<group>"; };
		341741C21C5D8243000EF209 /* OIDErrorUtilities.m */ = {isa = PBXFileReference; fileEncoding = 4; lastKnownFileType = sourcecode.c.objc; path = OIDErrorUtilities.m; sourceTree = "<group>"; };
		341741C31C5D8243000EF209 /* OIDFieldMapping.h */ = {isa = PBXFileReference; fileEncoding = 4; lastKnownFileType = sourcecode.c.h; path = OIDFieldMapping.h; sourceTree = "<group>"; };
		341741C41C5D8243000EF209 /* OIDFieldMapping.m */ = {isa = PBXFileReference; fileEncoding = 4; lastKnownFileType = sourcecode.c.objc; path = OIDFieldMapping.m; sourceTree = "<group>"; };
		341741C51C5D8243000EF209 /* OIDGrantTypes.h */ = {isa = PBXFileReference; fileEncoding = 4; lastKnownFileType = sourcecode.c.h; path = OIDGrantTypes.h; sourceTree = "<group>"; };
		341741C61C5D8243000EF209 /* OIDGrantTypes.m */ = {isa = PBXFileReference; fileEncoding = 4; lastKnownFileType = sourcecode.c.objc; path = OIDGrantTypes.m; sourceTree = "<group>"; };
		341741C71C5D8243000EF209 /* OIDResponseTypes.h */ = {isa = PBXFileReference; fileEncoding = 4; lastKnownFileType = sourcecode.c.h; path = OIDResponseTypes.h; sourceTree = "<group>"; };
		341741C81C5D8243000EF209 /* OIDResponseTypes.m */ = {isa = PBXFileReference; fileEncoding = 4; lastKnownFileType = sourcecode.c.objc; path = OIDResponseTypes.m; sourceTree = "<group>"; };
		341741C91C5D8243000EF209 /* OIDScopes.h */ = {isa = PBXFileReference; fileEncoding = 4; lastKnownFileType = sourcecode.c.h; path = OIDScopes.h; sourceTree = "<group>"; };
		341741CA1C5D8243000EF209 /* OIDScopes.m */ = {isa = PBXFileReference; fileEncoding = 4; lastKnownFileType = sourcecode.c.objc; path = OIDScopes.m; sourceTree = "<group>"; };
		341741CB1C5D8243000EF209 /* OIDScopeUtilities.h */ = {isa = PBXFileReference; fileEncoding = 4; lastKnownFileType = sourcecode.c.h; path = OIDScopeUtilities.h; sourceTree = "<group>"; };
		341741CC1C5D8243000EF209 /* OIDScopeUtilities.m */ = {isa = PBXFileReference; fileEncoding = 4; lastKnownFileType = sourcecode.c.objc; path = OIDScopeUtilities.m; sourceTree = "<group>"; };
		341741CD1C5D8243000EF209 /* OIDServiceConfiguration.h */ = {isa = PBXFileReference; fileEncoding = 4; lastKnownFileType = sourcecode.c.h; path = OIDServiceConfiguration.h; sourceTree = "<group>"; };
		341741CE1C5D8243000EF209 /* OIDServiceConfiguration.m */ = {isa = PBXFileReference; fileEncoding = 4; lastKnownFileType = sourcecode.c.objc; path = OIDServiceConfiguration.m; sourceTree = "<group>"; };
		341741CF1C5D8243000EF209 /* OIDServiceDiscovery.h */ = {isa = PBXFileReference; fileEncoding = 4; lastKnownFileType = sourcecode.c.h; path = OIDServiceDiscovery.h; sourceTree = "<group>"; };
		341741D01C5D8243000EF209 /* OIDServiceDiscovery.m */ = {isa = PBXFileReference; fileEncoding = 4; lastKnownFileType = sourcecode.c.objc; path = OIDServiceDiscovery.m; sourceTree = "<group>"; };
		341741D11C5D8243000EF209 /* OIDTokenRequest.h */ = {isa = PBXFileReference; fileEncoding = 4; lastKnownFileType = sourcecode.c.h; path = OIDTokenRequest.h; sourceTree = "<group>"; };
		341741D21C5D8243000EF209 /* OIDTokenRequest.m */ = {isa = PBXFileReference; fileEncoding = 4; lastKnownFileType = sourcecode.c.objc; path = OIDTokenRequest.m; sourceTree = "<group>"; };
		341741D31C5D8243000EF209 /* OIDTokenResponse.h */ = {isa = PBXFileReference; fileEncoding = 4; lastKnownFileType = sourcecode.c.h; path = OIDTokenResponse.h; sourceTree = "<group>"; };
		341741D41C5D8243000EF209 /* OIDTokenResponse.m */ = {isa = PBXFileReference; fileEncoding = 4; lastKnownFileType = sourcecode.c.objc; path = OIDTokenResponse.m; sourceTree = "<group>"; };
		341741D51C5D8243000EF209 /* OIDTokenUtilities.h */ = {isa = PBXFileReference; fileEncoding = 4; lastKnownFileType = sourcecode.c.h; path = OIDTokenUtilities.h; sourceTree = "<group>"; };
		341741D61C5D8243000EF209 /* OIDTokenUtilities.m */ = {isa = PBXFileReference; fileEncoding = 4; lastKnownFileType = sourcecode.c.objc; path = OIDTokenUtilities.m; sourceTree = "<group>"; };
		341741D71C5D8243000EF209 /* OIDURLQueryComponent.h */ = {isa = PBXFileReference; fileEncoding = 4; lastKnownFileType = sourcecode.c.h; path = OIDURLQueryComponent.h; sourceTree = "<group>"; };
		341741D81C5D8243000EF209 /* OIDURLQueryComponent.m */ = {isa = PBXFileReference; fileEncoding = 4; lastKnownFileType = sourcecode.c.objc; path = OIDURLQueryComponent.m; sourceTree = "<group>"; };
		341741F01C5D8283000EF209 /* AppAuthTests.xctest */ = {isa = PBXFileReference; explicitFileType = wrapper.cfbundle; includeInIndex = 0; path = AppAuthTests.xctest; sourceTree = BUILT_PRODUCTS_DIR; };
		341742001C5D82D3000EF209 /* OIDAuthorizationRequestTests.h */ = {isa = PBXFileReference; fileEncoding = 4; lastKnownFileType = sourcecode.c.h; path = OIDAuthorizationRequestTests.h; sourceTree = "<group>"; };
		341742011C5D82D3000EF209 /* OIDAuthorizationRequestTests.m */ = {isa = PBXFileReference; fileEncoding = 4; lastKnownFileType = sourcecode.c.objc; path = OIDAuthorizationRequestTests.m; sourceTree = "<group>"; };
		341742021C5D82D3000EF209 /* OIDAuthorizationResponseTests.h */ = {isa = PBXFileReference; fileEncoding = 4; lastKnownFileType = sourcecode.c.h; path = OIDAuthorizationResponseTests.h; sourceTree = "<group>"; };
		341742031C5D82D3000EF209 /* OIDAuthorizationResponseTests.m */ = {isa = PBXFileReference; fileEncoding = 4; lastKnownFileType = sourcecode.c.objc; path = OIDAuthorizationResponseTests.m; sourceTree = "<group>"; };
		341742041C5D82D3000EF209 /* OIDAuthStateTests.h */ = {isa = PBXFileReference; fileEncoding = 4; lastKnownFileType = sourcecode.c.h; path = OIDAuthStateTests.h; sourceTree = "<group>"; };
		341742051C5D82D3000EF209 /* OIDAuthStateTests.m */ = {isa = PBXFileReference; fileEncoding = 4; lastKnownFileType = sourcecode.c.objc; path = OIDAuthStateTests.m; sourceTree = "<group>"; };
		341742061C5D82D3000EF209 /* OIDGrantTypesTests.m */ = {isa = PBXFileReference; fileEncoding = 4; lastKnownFileType = sourcecode.c.objc; path = OIDGrantTypesTests.m; sourceTree = "<group>"; };
		341742071C5D82D3000EF209 /* OIDResponseTypesTests.m */ = {isa = PBXFileReference; fileEncoding = 4; lastKnownFileType = sourcecode.c.objc; path = OIDResponseTypesTests.m; sourceTree = "<group>"; };
		341742081C5D82D3000EF209 /* OIDScopesTests.m */ = {isa = PBXFileReference; fileEncoding = 4; lastKnownFileType = sourcecode.c.objc; path = OIDScopesTests.m; sourceTree = "<group>"; };
		341742091C5D82D3000EF209 /* OIDServiceConfigurationTests.h */ = {isa = PBXFileReference; fileEncoding = 4; lastKnownFileType = sourcecode.c.h; path = OIDServiceConfigurationTests.h; sourceTree = "<group>"; };
		3417420A1C5D82D3000EF209 /* OIDServiceConfigurationTests.m */ = {isa = PBXFileReference; fileEncoding = 4; lastKnownFileType = sourcecode.c.objc; path = OIDServiceConfigurationTests.m; sourceTree = "<group>"; };
		3417420B1C5D82D3000EF209 /* OIDServiceDiscoveryTests.h */ = {isa = PBXFileReference; fileEncoding = 4; lastKnownFileType = sourcecode.c.h; path = OIDServiceDiscoveryTests.h; sourceTree = "<group>"; };
		3417420C1C5D82D3000EF209 /* OIDServiceDiscoveryTests.m */ = {isa = PBXFileReference; fileEncoding = 4; lastKnownFileType = sourcecode.c.objc; path = OIDServiceDiscoveryTests.m; sourceTree = "<group>"; };
		3417420D1C5D82D3000EF209 /* OIDTokenRequestTests.h */ = {isa = PBXFileReference; fileEncoding = 4; lastKnownFileType = sourcecode.c.h; path = OIDTokenRequestTests.h; sourceTree = "<group>"; };
		3417420E1C5D82D3000EF209 /* OIDTokenRequestTests.m */ = {isa = PBXFileReference; fileEncoding = 4; lastKnownFileType = sourcecode.c.objc; path = OIDTokenRequestTests.m; sourceTree = "<group>"; };
		3417420F1C5D82D3000EF209 /* OIDTokenResponseTests.h */ = {isa = PBXFileReference; fileEncoding = 4; lastKnownFileType = sourcecode.c.h; path = OIDTokenResponseTests.h; sourceTree = "<group>"; };
		341742101C5D82D3000EF209 /* OIDTokenResponseTests.m */ = {isa = PBXFileReference; fileEncoding = 4; lastKnownFileType = sourcecode.c.objc; path = OIDTokenResponseTests.m; sourceTree = "<group>"; };
		341742111C5D82D3000EF209 /* OIDURLQueryComponentTests.h */ = {isa = PBXFileReference; fileEncoding = 4; lastKnownFileType = sourcecode.c.h; path = OIDURLQueryComponentTests.h; sourceTree = "<group>"; };
		341742121C5D82D3000EF209 /* OIDURLQueryComponentTests.m */ = {isa = PBXFileReference; fileEncoding = 4; lastKnownFileType = sourcecode.c.objc; path = OIDURLQueryComponentTests.m; sourceTree = "<group>"; };
		341742131C5D82D3000EF209 /* OIDURLQueryComponentTestsIOS7.m */ = {isa = PBXFileReference; fileEncoding = 4; lastKnownFileType = sourcecode.c.objc; path = OIDURLQueryComponentTestsIOS7.m; sourceTree = "<group>"; };
		341742231C5D8317000EF209 /* UnitTestsInfo.plist */ = {isa = PBXFileReference; fileEncoding = 4; lastKnownFileType = text.plist.xml; path = UnitTestsInfo.plist; sourceTree = "<group>"; };
		3417422A1C5D8502000EF209 /* SafariServices.framework */ = {isa = PBXFileReference; lastKnownFileType = wrapper.framework; name = SafariServices.framework; path = System/Library/Frameworks/SafariServices.framework; sourceTree = SDKROOT; };
		3417422C1C5D850C000EF209 /* Security.framework */ = {isa = PBXFileReference; lastKnownFileType = wrapper.framework; name = Security.framework; path = System/Library/Frameworks/Security.framework; sourceTree = SDKROOT; };
		341E707E1DE18744004353C1 /* libAppAuth-tvOS.a */ = {isa = PBXFileReference; explicitFileType = archive.ar; includeInIndex = 0; path = "libAppAuth-tvOS.a"; sourceTree = BUILT_PRODUCTS_DIR; };
		34FEA6AC1DB6E083005C9212 /* OIDLoopbackHTTPServer.h */ = {isa = PBXFileReference; fileEncoding = 4; lastKnownFileType = sourcecode.c.h; path = OIDLoopbackHTTPServer.h; sourceTree = "<group>"; };
		34FEA6AD1DB6E083005C9212 /* OIDLoopbackHTTPServer.m */ = {isa = PBXFileReference; fileEncoding = 4; lastKnownFileType = sourcecode.c.objc; path = OIDLoopbackHTTPServer.m; sourceTree = "<group>"; };
		F68103B61D2568D10053658E /* OIDAuthorizationUICoordinator.h */ = {isa = PBXFileReference; fileEncoding = 4; lastKnownFileType = sourcecode.c.h; path = OIDAuthorizationUICoordinator.h; sourceTree = "<group>"; };
		F6F60FB01D2BFEFE00325CB3 /* OIDAuthState+IOS.m */ = {isa = PBXFileReference; fileEncoding = 4; lastKnownFileType = sourcecode.c.objc; name = "OIDAuthState+IOS.m"; path = "iOS/OIDAuthState+IOS.m"; sourceTree = "<group>"; };
		F6F60FB11D2BFEFE00325CB3 /* OIDAuthorizationService+IOS.m */ = {isa = PBXFileReference; fileEncoding = 4; lastKnownFileType = sourcecode.c.objc; name = "OIDAuthorizationService+IOS.m"; path = "iOS/OIDAuthorizationService+IOS.m"; sourceTree = "<group>"; };
		F6F60FB21D2BFEFE00325CB3 /* OIDAuthorizationUICoordinatorIOS.m */ = {isa = PBXFileReference; fileEncoding = 4; lastKnownFileType = sourcecode.c.objc; name = OIDAuthorizationUICoordinatorIOS.m; path = iOS/OIDAuthorizationUICoordinatorIOS.m; sourceTree = "<group>"; };
		F6F60FB31D2BFEFE00325CB3 /* OIDAuthorizationService+IOS.h */ = {isa = PBXFileReference; fileEncoding = 4; lastKnownFileType = sourcecode.c.h; name = "OIDAuthorizationService+IOS.h"; path = "iOS/OIDAuthorizationService+IOS.h"; sourceTree = "<group>"; };
		F6F60FB41D2BFEFE00325CB3 /* OIDAuthorizationUICoordinatorIOS.h */ = {isa = PBXFileReference; fileEncoding = 4; lastKnownFileType = sourcecode.c.h; name = OIDAuthorizationUICoordinatorIOS.h; path = iOS/OIDAuthorizationUICoordinatorIOS.h; sourceTree = "<group>"; };
		F6F60FB51D2BFEFE00325CB3 /* OIDAuthState+IOS.h */ = {isa = PBXFileReference; fileEncoding = 4; lastKnownFileType = sourcecode.c.h; name = "OIDAuthState+IOS.h"; path = "iOS/OIDAuthState+IOS.h"; sourceTree = "<group>"; };
/* End PBXFileReference section */

/* Begin PBXFrameworksBuildPhase section */
		340DAE4B1D58216A00EC285B /* Frameworks */ = {
			isa = PBXFrameworksBuildPhase;
			buildActionMask = 2147483647;
			files = (
			);
			runOnlyForDeploymentPostprocessing = 0;
		};
		340E73791C5D819B0076B1F6 /* Frameworks */ = {
			isa = PBXFrameworksBuildPhase;
			buildActionMask = 2147483647;
			files = (
			);
			runOnlyForDeploymentPostprocessing = 0;
		};
		341741ED1C5D8283000EF209 /* Frameworks */ = {
			isa = PBXFrameworksBuildPhase;
			buildActionMask = 2147483647;
			files = (
				3417422D1C5D850C000EF209 /* Security.framework in Frameworks */,
				3417422B1C5D8502000EF209 /* SafariServices.framework in Frameworks */,
				341741F51C5D8283000EF209 /* libAppAuth-iOS.a in Frameworks */,
			);
			runOnlyForDeploymentPostprocessing = 0;
		};
		341E707B1DE18744004353C1 /* Frameworks */ = {
			isa = PBXFrameworksBuildPhase;
			buildActionMask = 2147483647;
			files = (
			);
			runOnlyForDeploymentPostprocessing = 0;
		};
/* End PBXFrameworksBuildPhase section */

/* Begin PBXGroup section */
		340DAE241D581FE700EC285B /* macOS */ = {
			isa = PBXGroup;
			children = (
				34FEA6AB1DB6E083005C9212 /* LoopbackHTTPServer */,
				340DAEB91D582AF100EC285B /* OIDRedirectHTTPHandler.h */,
				340DAEBA1D582AF100EC285B /* OIDRedirectHTTPHandler.m */,
				340DAE251D581FE700EC285B /* OIDAuthorizationService+Mac.h */,
				340DAE261D581FE700EC285B /* OIDAuthorizationService+Mac.m */,
				340DAE271D581FE700EC285B /* OIDAuthorizationUICoordinatorMac.h */,
				340DAE281D581FE700EC285B /* OIDAuthorizationUICoordinatorMac.m */,
				340DAE291D581FE700EC285B /* OIDAuthState+Mac.h */,
				340DAE2A1D581FE700EC285B /* OIDAuthState+Mac.m */,
			);
			path = macOS;
			sourceTree = "<group>";
		};
		340E73731C5D819B0076B1F6 = {
			isa = PBXGroup;
			children = (
				341742291C5D84D0000EF209 /* Frameworks */,
				341741FB1C5D82D3000EF209 /* UnitTests */,
				341741AE1C5D8243000EF209 /* Source */,
				340E737D1C5D819B0076B1F6 /* Products */,
			);
			sourceTree = "<group>";
		};
		340E737D1C5D819B0076B1F6 /* Products */ = {
			isa = PBXGroup;
			children = (
				340E737C1C5D819B0076B1F6 /* libAppAuth-iOS.a */,
				341741F01C5D8283000EF209 /* AppAuthTests.xctest */,
				340DAE4E1D58216A00EC285B /* libAppAuth-macOS.a */,
				341E707E1DE18744004353C1 /* libAppAuth-tvOS.a */,
			);
			name = Products;
			sourceTree = "<group>";
		};
		341741AE1C5D8243000EF209 /* Source */ = {
			isa = PBXGroup;
			children = (
				340DAE241D581FE700EC285B /* macOS */,
				F6F60FAF1D2BFEF000325CB3 /* iOS */,
				341741AF1C5D8243000EF209 /* AppAuth.h */,
				341741B41C5D8243000EF209 /* OIDAuthorizationRequest.h */,
				341741B51C5D8243000EF209 /* OIDAuthorizationRequest.m */,
				341741B61C5D8243000EF209 /* OIDAuthorizationResponse.h */,
				341741B71C5D8243000EF209 /* OIDAuthorizationResponse.m */,
				341741B81C5D8243000EF209 /* OIDAuthorizationService.h */,
				341741B91C5D8243000EF209 /* OIDAuthorizationService.m */,
				F68103B61D2568D10053658E /* OIDAuthorizationUICoordinator.h */,
				341741BA1C5D8243000EF209 /* OIDAuthState.h */,
				341741BB1C5D8243000EF209 /* OIDAuthState.m */,
				341741BC1C5D8243000EF209 /* OIDAuthStateChangeDelegate.h */,
				341741BD1C5D8243000EF209 /* OIDAuthStateErrorDelegate.h */,
				341741BE1C5D8243000EF209 /* OIDDefines.h */,
				341741BF1C5D8243000EF209 /* OIDError.h */,
				341741C01C5D8243000EF209 /* OIDError.m */,
				341741C11C5D8243000EF209 /* OIDErrorUtilities.h */,
				341741C21C5D8243000EF209 /* OIDErrorUtilities.m */,
				341741C31C5D8243000EF209 /* OIDFieldMapping.h */,
				341741C41C5D8243000EF209 /* OIDFieldMapping.m */,
				341741C51C5D8243000EF209 /* OIDGrantTypes.h */,
				341741C61C5D8243000EF209 /* OIDGrantTypes.m */,
				341741C71C5D8243000EF209 /* OIDResponseTypes.h */,
				341741C81C5D8243000EF209 /* OIDResponseTypes.m */,
				341741C91C5D8243000EF209 /* OIDScopes.h */,
				341741CA1C5D8243000EF209 /* OIDScopes.m */,
				341741CB1C5D8243000EF209 /* OIDScopeUtilities.h */,
				341741CC1C5D8243000EF209 /* OIDScopeUtilities.m */,
				341741CD1C5D8243000EF209 /* OIDServiceConfiguration.h */,
				341741CE1C5D8243000EF209 /* OIDServiceConfiguration.m */,
				341741CF1C5D8243000EF209 /* OIDServiceDiscovery.h */,
				341741D01C5D8243000EF209 /* OIDServiceDiscovery.m */,
				341741D11C5D8243000EF209 /* OIDTokenRequest.h */,
				341741D21C5D8243000EF209 /* OIDTokenRequest.m */,
				341741D31C5D8243000EF209 /* OIDTokenResponse.h */,
				341741D41C5D8243000EF209 /* OIDTokenResponse.m */,
				341741D51C5D8243000EF209 /* OIDTokenUtilities.h */,
				341741D61C5D8243000EF209 /* OIDTokenUtilities.m */,
				341741D71C5D8243000EF209 /* OIDURLQueryComponent.h */,
				341741D81C5D8243000EF209 /* OIDURLQueryComponent.m */,
			);
			path = Source;
			sourceTree = "<group>";
		};
		341741FB1C5D82D3000EF209 /* UnitTests */ = {
			isa = PBXGroup;
			children = (
				341742231C5D8317000EF209 /* UnitTestsInfo.plist */,
				341742001C5D82D3000EF209 /* OIDAuthorizationRequestTests.h */,
				341742011C5D82D3000EF209 /* OIDAuthorizationRequestTests.m */,
				341742021C5D82D3000EF209 /* OIDAuthorizationResponseTests.h */,
				341742031C5D82D3000EF209 /* OIDAuthorizationResponseTests.m */,
				341742041C5D82D3000EF209 /* OIDAuthStateTests.h */,
				341742051C5D82D3000EF209 /* OIDAuthStateTests.m */,
				341742061C5D82D3000EF209 /* OIDGrantTypesTests.m */,
				341742071C5D82D3000EF209 /* OIDResponseTypesTests.m */,
				341742081C5D82D3000EF209 /* OIDScopesTests.m */,
				341742091C5D82D3000EF209 /* OIDServiceConfigurationTests.h */,
				3417420A1C5D82D3000EF209 /* OIDServiceConfigurationTests.m */,
				3417420B1C5D82D3000EF209 /* OIDServiceDiscoveryTests.h */,
				3417420C1C5D82D3000EF209 /* OIDServiceDiscoveryTests.m */,
				3417420D1C5D82D3000EF209 /* OIDTokenRequestTests.h */,
				3417420E1C5D82D3000EF209 /* OIDTokenRequestTests.m */,
				3417420F1C5D82D3000EF209 /* OIDTokenResponseTests.h */,
				341742101C5D82D3000EF209 /* OIDTokenResponseTests.m */,
				341742111C5D82D3000EF209 /* OIDURLQueryComponentTests.h */,
				341742121C5D82D3000EF209 /* OIDURLQueryComponentTests.m */,
				341742131C5D82D3000EF209 /* OIDURLQueryComponentTestsIOS7.m */,
			);
			path = UnitTests;
			sourceTree = "<group>";
		};
		341742291C5D84D0000EF209 /* Frameworks */ = {
			isa = PBXGroup;
			children = (
				3417422C1C5D850C000EF209 /* Security.framework */,
				3417422A1C5D8502000EF209 /* SafariServices.framework */,
			);
			name = Frameworks;
			sourceTree = "<group>";
		};
		34FEA6AB1DB6E083005C9212 /* LoopbackHTTPServer */ = {
			isa = PBXGroup;
			children = (
				34FEA6AC1DB6E083005C9212 /* OIDLoopbackHTTPServer.h */,
				34FEA6AD1DB6E083005C9212 /* OIDLoopbackHTTPServer.m */,
			);
			path = LoopbackHTTPServer;
			sourceTree = "<group>";
		};
		F6F60FAF1D2BFEF000325CB3 /* iOS */ = {
			isa = PBXGroup;
			children = (
				F6F60FB31D2BFEFE00325CB3 /* OIDAuthorizationService+IOS.h */,
				F6F60FB11D2BFEFE00325CB3 /* OIDAuthorizationService+IOS.m */,
				F6F60FB51D2BFEFE00325CB3 /* OIDAuthState+IOS.h */,
				F6F60FB01D2BFEFE00325CB3 /* OIDAuthState+IOS.m */,
				F6F60FB41D2BFEFE00325CB3 /* OIDAuthorizationUICoordinatorIOS.h */,
				F6F60FB21D2BFEFE00325CB3 /* OIDAuthorizationUICoordinatorIOS.m */,
			);
			name = iOS;
			sourceTree = "<group>";
		};
/* End PBXGroup section */

/* Begin PBXHeadersBuildPhase section */
		340DAE4C1D58216A00EC285B /* Headers */ = {
			isa = PBXHeadersBuildPhase;
			buildActionMask = 2147483647;
			files = (
				340DAE741D58223A00EC285B /* AppAuth.h in Headers */,
				34FEA6AE1DB6E083005C9212 /* OIDLoopbackHTTPServer.h in Headers */,
			);
			runOnlyForDeploymentPostprocessing = 0;
		};
/* End PBXHeadersBuildPhase section */

/* Begin PBXNativeTarget section */
		340DAE4D1D58216A00EC285B /* AppAuth-macOS */ = {
			isa = PBXNativeTarget;
			buildConfigurationList = 340DAE541D58216A00EC285B /* Build configuration list for PBXNativeTarget "AppAuth-macOS" */;
			buildPhases = (
				340DAE4A1D58216A00EC285B /* Sources */,
				340DAE4B1D58216A00EC285B /* Frameworks */,
				340DAE4C1D58216A00EC285B /* Headers */,
			);
			buildRules = (
			);
			dependencies = (
			);
			name = "AppAuth-macOS";
			productName = "AppAuth-macOS";
			productReference = 340DAE4E1D58216A00EC285B /* libAppAuth-macOS.a */;
			productType = "com.apple.product-type.library.static";
		};
		340E737B1C5D819B0076B1F6 /* AppAuth-iOS */ = {
			isa = PBXNativeTarget;
			buildConfigurationList = 340E73851C5D819B0076B1F6 /* Build configuration list for PBXNativeTarget "AppAuth-iOS" */;
			buildPhases = (
				340E73781C5D819B0076B1F6 /* Sources */,
				340E73791C5D819B0076B1F6 /* Frameworks */,
				340E737A1C5D819B0076B1F6 /* CopyFiles */,
			);
			buildRules = (
			);
			dependencies = (
			);
			name = "AppAuth-iOS";
			productName = AppAuth;
			productReference = 340E737C1C5D819B0076B1F6 /* libAppAuth-iOS.a */;
			productType = "com.apple.product-type.library.static";
		};
		341741EF1C5D8283000EF209 /* AppAuthTests */ = {
			isa = PBXNativeTarget;
			buildConfigurationList = 341741F81C5D8283000EF209 /* Build configuration list for PBXNativeTarget "AppAuthTests" */;
			buildPhases = (
				341741EC1C5D8283000EF209 /* Sources */,
				341741ED1C5D8283000EF209 /* Frameworks */,
				341741EE1C5D8283000EF209 /* Resources */,
			);
			buildRules = (
			);
			dependencies = (
				341741F71C5D8283000EF209 /* PBXTargetDependency */,
			);
			name = AppAuthTests;
			productName = AppAuthTests;
			productReference = 341741F01C5D8283000EF209 /* AppAuthTests.xctest */;
			productType = "com.apple.product-type.bundle.unit-test";
		};
		341E707D1DE18744004353C1 /* AppAuth-tvOS */ = {
			isa = PBXNativeTarget;
			buildConfigurationList = 341E70861DE18744004353C1 /* Build configuration list for PBXNativeTarget "AppAuth-tvOS" */;
			buildPhases = (
				341E707A1DE18744004353C1 /* Sources */,
				341E707B1DE18744004353C1 /* Frameworks */,
				341E707C1DE18744004353C1 /* CopyFiles */,
			);
			buildRules = (
			);
			dependencies = (
			);
			name = "AppAuth-tvOS";
			productName = "AppAuth-tvOS";
			productReference = 341E707E1DE18744004353C1 /* libAppAuth-tvOS.a */;
			productType = "com.apple.product-type.library.static";
		};
/* End PBXNativeTarget section */

/* Begin PBXProject section */
		340E73741C5D819B0076B1F6 /* Project object */ = {
			isa = PBXProject;
			attributes = {
				LastUpgradeCheck = 0720;
				ORGANIZATIONNAME = "Google Inc";
				TargetAttributes = {
					340DAE4D1D58216A00EC285B = {
						CreatedOnToolsVersion = 7.3.1;
					};
					340E737B1C5D819B0076B1F6 = {
						CreatedOnToolsVersion = 7.2;
					};
					341741EF1C5D8283000EF209 = {
						CreatedOnToolsVersion = 7.2;
					};
					341E707D1DE18744004353C1 = {
						CreatedOnToolsVersion = 8.2;
						ProvisioningStyle = Automatic;
					};
				};
			};
			buildConfigurationList = 340E73771C5D819B0076B1F6 /* Build configuration list for PBXProject "AppAuth" */;
			compatibilityVersion = "Xcode 3.2";
			developmentRegion = English;
			hasScannedForEncodings = 0;
			knownRegions = (
				en,
			);
			mainGroup = 340E73731C5D819B0076B1F6;
			productRefGroup = 340E737D1C5D819B0076B1F6 /* Products */;
			projectDirPath = "";
			projectRoot = "";
			targets = (
				340E737B1C5D819B0076B1F6 /* AppAuth-iOS */,
				341741EF1C5D8283000EF209 /* AppAuthTests */,
				340DAE4D1D58216A00EC285B /* AppAuth-macOS */,
				341E707D1DE18744004353C1 /* AppAuth-tvOS */,
			);
		};
/* End PBXProject section */

/* Begin PBXResourcesBuildPhase section */
		341741EE1C5D8283000EF209 /* Resources */ = {
			isa = PBXResourcesBuildPhase;
			buildActionMask = 2147483647;
			files = (
				341742241C5D8317000EF209 /* UnitTestsInfo.plist in Resources */,
			);
			runOnlyForDeploymentPostprocessing = 0;
		};
/* End PBXResourcesBuildPhase section */

/* Begin PBXSourcesBuildPhase section */
		340DAE4A1D58216A00EC285B /* Sources */ = {
			isa = PBXSourcesBuildPhase;
			buildActionMask = 2147483647;
			files = (
				34FEA6AF1DB6E083005C9212 /* OIDLoopbackHTTPServer.m in Sources */,
				340DAEBC1D582AF100EC285B /* OIDRedirectHTTPHandler.m in Sources */,
				340DAE631D5821AB00EC285B /* OIDScopes.m in Sources */,
				340DAE5D1D5821AB00EC285B /* OIDAuthState.m in Sources */,
				340DAE5B1D5821AB00EC285B /* OIDAuthorizationResponse.m in Sources */,
				340DAE571D5821A100EC285B /* OIDAuthorizationService+Mac.m in Sources */,
				340DAE5E1D5821AB00EC285B /* OIDError.m in Sources */,
				340DAE661D5821AB00EC285B /* OIDServiceDiscovery.m in Sources */,
				340DAE5C1D5821AB00EC285B /* OIDAuthorizationService.m in Sources */,
				340DAE641D5821AB00EC285B /* OIDScopeUtilities.m in Sources */,
				340DAE581D5821A100EC285B /* OIDAuthorizationUICoordinatorMac.m in Sources */,
				340DAE5A1D5821AB00EC285B /* OIDAuthorizationRequest.m in Sources */,
				340DAE671D5821AB00EC285B /* OIDTokenRequest.m in Sources */,
				340DAE681D5821AB00EC285B /* OIDTokenResponse.m in Sources */,
				340DAE651D5821AB00EC285B /* OIDServiceConfiguration.m in Sources */,
				340DAE591D5821A100EC285B /* OIDAuthState+Mac.m in Sources */,
				340DAE691D5821AB00EC285B /* OIDTokenUtilities.m in Sources */,
				340DAE601D5821AB00EC285B /* OIDFieldMapping.m in Sources */,
				340DAE621D5821AB00EC285B /* OIDResponseTypes.m in Sources */,
				340DAE6A1D5821AB00EC285B /* OIDURLQueryComponent.m in Sources */,
				340DAE5F1D5821AB00EC285B /* OIDErrorUtilities.m in Sources */,
				340DAE611D5821AB00EC285B /* OIDGrantTypes.m in Sources */,
			);
			runOnlyForDeploymentPostprocessing = 0;
		};
		340E73781C5D819B0076B1F6 /* Sources */ = {
			isa = PBXSourcesBuildPhase;
			buildActionMask = 2147483647;
			files = (
				341741E01C5D8243000EF209 /* OIDErrorUtilities.m in Sources */,
				341741EA1C5D8243000EF209 /* OIDTokenUtilities.m in Sources */,
				341741E21C5D8243000EF209 /* OIDGrantTypes.m in Sources */,
				341741E81C5D8243000EF209 /* OIDTokenRequest.m in Sources */,
				340DAECC1D582DE100EC285B /* OIDAuthState+IOS.m in Sources */,
				341741E91C5D8243000EF209 /* OIDTokenResponse.m in Sources */,
				341741E51C5D8243000EF209 /* OIDScopeUtilities.m in Sources */,
				341741DC1C5D8243000EF209 /* OIDAuthorizationResponse.m in Sources */,
				341741E61C5D8243000EF209 /* OIDServiceConfiguration.m in Sources */,
				341741DE1C5D8243000EF209 /* OIDAuthState.m in Sources */,
				341741DD1C5D8243000EF209 /* OIDAuthorizationService.m in Sources */,
				340DAECD1D582DE100EC285B /* OIDAuthorizationUICoordinatorIOS.m in Sources */,
				341741EB1C5D8243000EF209 /* OIDURLQueryComponent.m in Sources */,
				341741E11C5D8243000EF209 /* OIDFieldMapping.m in Sources */,
				341741DF1C5D8243000EF209 /* OIDError.m in Sources */,
				341741DB1C5D8243000EF209 /* OIDAuthorizationRequest.m in Sources */,
				340DAECB1D582DE100EC285B /* OIDAuthorizationService+IOS.m in Sources */,
				341741E31C5D8243000EF209 /* OIDResponseTypes.m in Sources */,
				341741E41C5D8243000EF209 /* OIDScopes.m in Sources */,
				341741E71C5D8243000EF209 /* OIDServiceDiscovery.m in Sources */,
			);
			runOnlyForDeploymentPostprocessing = 0;
		};
		341741EC1C5D8283000EF209 /* Sources */ = {
			isa = PBXSourcesBuildPhase;
			buildActionMask = 2147483647;
			files = (
				341742211C5D82D3000EF209 /* OIDURLQueryComponentTests.m in Sources */,
				341742201C5D82D3000EF209 /* OIDTokenResponseTests.m in Sources */,
				341742221C5D82D3000EF209 /* OIDURLQueryComponentTestsIOS7.m in Sources */,
				3417421E1C5D82D3000EF209 /* OIDServiceDiscoveryTests.m in Sources */,
				3417421F1C5D82D3000EF209 /* OIDTokenRequestTests.m in Sources */,
				341742181C5D82D3000EF209 /* OIDAuthorizationResponseTests.m in Sources */,
				341742171C5D82D3000EF209 /* OIDAuthorizationRequestTests.m in Sources */,
				3417421A1C5D82D3000EF209 /* OIDGrantTypesTests.m in Sources */,
				3417421B1C5D82D3000EF209 /* OIDResponseTypesTests.m in Sources */,
				341742191C5D82D3000EF209 /* OIDAuthStateTests.m in Sources */,
				3417421D1C5D82D3000EF209 /* OIDServiceConfigurationTests.m in Sources */,
				3417421C1C5D82D3000EF209 /* OIDScopesTests.m in Sources */,
			);
			runOnlyForDeploymentPostprocessing = 0;
		};
		341E707A1DE18744004353C1 /* Sources */ = {
			isa = PBXSourcesBuildPhase;
			buildActionMask = 2147483647;
			files = (
				341E709B1DE18796004353C1 /* OIDAuthState.m in Sources */,
				341E70A11DE18796004353C1 /* OIDScopes.m in Sources */,
				341E70981DE18796004353C1 /* OIDAuthorizationRequest.m in Sources */,
				341E709D1DE18796004353C1 /* OIDErrorUtilities.m in Sources */,
				341E70991DE18796004353C1 /* OIDAuthorizationResponse.m in Sources */,
				341E709E1DE18796004353C1 /* OIDFieldMapping.m in Sources */,
				341E709A1DE18796004353C1 /* OIDAuthorizationService.m in Sources */,
				341E70A71DE18796004353C1 /* OIDTokenUtilities.m in Sources */,
				341E70A21DE18796004353C1 /* OIDScopeUtilities.m in Sources */,
				341E70A81DE18796004353C1 /* OIDURLQueryComponent.m in Sources */,
				341E70A61DE18796004353C1 /* OIDTokenResponse.m in Sources */,
				341E70A01DE18796004353C1 /* OIDResponseTypes.m in Sources */,
				341E70A31DE18796004353C1 /* OIDServiceConfiguration.m in Sources */,
				341E70A51DE18796004353C1 /* OIDTokenRequest.m in Sources */,
				341E709C1DE18796004353C1 /* OIDError.m in Sources */,
				341E70A41DE18796004353C1 /* OIDServiceDiscovery.m in Sources */,
				341E709F1DE18796004353C1 /* OIDGrantTypes.m in Sources */,
			);
			runOnlyForDeploymentPostprocessing = 0;
		};
/* End PBXSourcesBuildPhase section */

/* Begin PBXTargetDependency section */
		341741F71C5D8283000EF209 /* PBXTargetDependency */ = {
			isa = PBXTargetDependency;
			target = 340E737B1C5D819B0076B1F6 /* AppAuth-iOS */;
			targetProxy = 341741F61C5D8283000EF209 /* PBXContainerItemProxy */;
		};
/* End PBXTargetDependency section */

/* Begin XCBuildConfiguration section */
		340DAE551D58216A00EC285B /* Debug */ = {
			isa = XCBuildConfiguration;
			buildSettings = {
				CLANG_ANALYZER_NONNULL = YES;
				CODE_SIGN_IDENTITY = "-";
				EXECUTABLE_PREFIX = lib;
				MACOSX_DEPLOYMENT_TARGET = 10.7;
				PRODUCT_NAME = "$(TARGET_NAME)";
				SDKROOT = macosx;
			};
			name = Debug;
		};
		340DAE561D58216A00EC285B /* Release */ = {
			isa = XCBuildConfiguration;
			buildSettings = {
				CLANG_ANALYZER_NONNULL = YES;
				CODE_SIGN_IDENTITY = "-";
				EXECUTABLE_PREFIX = lib;
				MACOSX_DEPLOYMENT_TARGET = 10.7;
				PRODUCT_NAME = "$(TARGET_NAME)";
				SDKROOT = macosx;
			};
			name = Release;
		};
		340E73831C5D819B0076B1F6 /* Debug */ = {
			isa = XCBuildConfiguration;
			buildSettings = {
				ALWAYS_SEARCH_USER_PATHS = NO;
				CLANG_CXX_LANGUAGE_STANDARD = "gnu++0x";
				CLANG_CXX_LIBRARY = "libc++";
				CLANG_ENABLE_MODULES = YES;
				CLANG_ENABLE_OBJC_ARC = YES;
				CLANG_WARN_BOOL_CONVERSION = YES;
				CLANG_WARN_CONSTANT_CONVERSION = YES;
				CLANG_WARN_DIRECT_OBJC_ISA_USAGE = YES_ERROR;
				CLANG_WARN_EMPTY_BODY = YES;
				CLANG_WARN_ENUM_CONVERSION = YES;
				CLANG_WARN_INT_CONVERSION = YES;
				CLANG_WARN_OBJC_ROOT_CLASS = YES_ERROR;
				CLANG_WARN_UNREACHABLE_CODE = YES;
				CLANG_WARN__DUPLICATE_METHOD_MATCH = YES;
				"CODE_SIGN_IDENTITY[sdk=iphoneos*]" = "iPhone Developer";
				COPY_PHASE_STRIP = NO;
				DEBUG_INFORMATION_FORMAT = dwarf;
				ENABLE_STRICT_OBJC_MSGSEND = YES;
				ENABLE_TESTABILITY = YES;
				GCC_C_LANGUAGE_STANDARD = gnu99;
				GCC_DYNAMIC_NO_PIC = NO;
				GCC_NO_COMMON_BLOCKS = YES;
				GCC_OPTIMIZATION_LEVEL = 0;
				GCC_PREPROCESSOR_DEFINITIONS = (
					"DEBUG=1",
					"$(inherited)",
				);
				GCC_WARN_64_TO_32_BIT_CONVERSION = YES;
				GCC_WARN_ABOUT_RETURN_TYPE = YES_ERROR;
				GCC_WARN_UNDECLARED_SELECTOR = YES;
				GCC_WARN_UNINITIALIZED_AUTOS = YES_AGGRESSIVE;
				GCC_WARN_UNUSED_FUNCTION = YES;
				GCC_WARN_UNUSED_VARIABLE = YES;
				IPHONEOS_DEPLOYMENT_TARGET = 7.0;
				MTL_ENABLE_DEBUG_INFO = YES;
				ONLY_ACTIVE_ARCH = YES;
				SDKROOT = iphoneos;
			};
			name = Debug;
		};
		340E73841C5D819B0076B1F6 /* Release */ = {
			isa = XCBuildConfiguration;
			buildSettings = {
				ALWAYS_SEARCH_USER_PATHS = NO;
				CLANG_CXX_LANGUAGE_STANDARD = "gnu++0x";
				CLANG_CXX_LIBRARY = "libc++";
				CLANG_ENABLE_MODULES = YES;
				CLANG_ENABLE_OBJC_ARC = YES;
				CLANG_WARN_BOOL_CONVERSION = YES;
				CLANG_WARN_CONSTANT_CONVERSION = YES;
				CLANG_WARN_DIRECT_OBJC_ISA_USAGE = YES_ERROR;
				CLANG_WARN_EMPTY_BODY = YES;
				CLANG_WARN_ENUM_CONVERSION = YES;
				CLANG_WARN_INT_CONVERSION = YES;
				CLANG_WARN_OBJC_ROOT_CLASS = YES_ERROR;
				CLANG_WARN_UNREACHABLE_CODE = YES;
				CLANG_WARN__DUPLICATE_METHOD_MATCH = YES;
				"CODE_SIGN_IDENTITY[sdk=iphoneos*]" = "iPhone Developer";
				COPY_PHASE_STRIP = NO;
				DEBUG_INFORMATION_FORMAT = "dwarf-with-dsym";
				ENABLE_NS_ASSERTIONS = NO;
				ENABLE_STRICT_OBJC_MSGSEND = YES;
				GCC_C_LANGUAGE_STANDARD = gnu99;
				GCC_NO_COMMON_BLOCKS = YES;
				GCC_WARN_64_TO_32_BIT_CONVERSION = YES;
				GCC_WARN_ABOUT_RETURN_TYPE = YES_ERROR;
				GCC_WARN_UNDECLARED_SELECTOR = YES;
				GCC_WARN_UNINITIALIZED_AUTOS = YES_AGGRESSIVE;
				GCC_WARN_UNUSED_FUNCTION = YES;
				GCC_WARN_UNUSED_VARIABLE = YES;
				IPHONEOS_DEPLOYMENT_TARGET = 7.0;
				MTL_ENABLE_DEBUG_INFO = NO;
				SDKROOT = iphoneos;
				VALIDATE_PRODUCT = YES;
			};
			name = Release;
		};
		340E73861C5D819B0076B1F6 /* Debug */ = {
			isa = XCBuildConfiguration;
			buildSettings = {
				PRODUCT_NAME = "$(TARGET_NAME)";
				SKIP_INSTALL = YES;
			};
			name = Debug;
		};
		340E73871C5D819B0076B1F6 /* Release */ = {
			isa = XCBuildConfiguration;
			buildSettings = {
				PRODUCT_NAME = "$(TARGET_NAME)";
				SKIP_INSTALL = YES;
			};
			name = Release;
		};
		341741F91C5D8283000EF209 /* Debug */ = {
			isa = XCBuildConfiguration;
			buildSettings = {
				HEADER_SEARCH_PATHS = "$(PROJECT_DIR)/";
				INFOPLIST_FILE = UnitTests/UnitTestsInfo.plist;
				LD_RUNPATH_SEARCH_PATHS = "$(inherited) @executable_path/Frameworks @loader_path/Frameworks";
				PRODUCT_BUNDLE_IDENTIFIER = net.openid.appauth.AppAuthTests;
				PRODUCT_NAME = "$(TARGET_NAME)";
			};
			name = Debug;
		};
		341741FA1C5D8283000EF209 /* Release */ = {
			isa = XCBuildConfiguration;
			buildSettings = {
				HEADER_SEARCH_PATHS = "$(PROJECT_DIR)/";
				INFOPLIST_FILE = UnitTests/UnitTestsInfo.plist;
				LD_RUNPATH_SEARCH_PATHS = "$(inherited) @executable_path/Frameworks @loader_path/Frameworks";
				PRODUCT_BUNDLE_IDENTIFIER = net.openid.appauth.AppAuthTests;
				PRODUCT_NAME = "$(TARGET_NAME)";
			};
			name = Release;
		};
		341E70841DE18744004353C1 /* Debug */ = {
			isa = XCBuildConfiguration;
			buildSettings = {
				CLANG_ANALYZER_NONNULL = YES;
				CLANG_WARN_DOCUMENTATION_COMMENTS = YES;
				CLANG_WARN_INFINITE_RECURSION = YES;
				CLANG_WARN_SUSPICIOUS_MOVE = YES;
				PRODUCT_NAME = "$(TARGET_NAME)";
				SDKROOT = appletvos;
				SKIP_INSTALL = YES;
				TVOS_DEPLOYMENT_TARGET = 10.1;
			};
			name = Debug;
		};
		341E70851DE18744004353C1 /* Release */ = {
			isa = XCBuildConfiguration;
			buildSettings = {
				CLANG_ANALYZER_NONNULL = YES;
				CLANG_WARN_DOCUMENTATION_COMMENTS = YES;
				CLANG_WARN_INFINITE_RECURSION = YES;
				CLANG_WARN_SUSPICIOUS_MOVE = YES;
				PRODUCT_NAME = "$(TARGET_NAME)";
				SDKROOT = appletvos;
				SKIP_INSTALL = YES;
				TVOS_DEPLOYMENT_TARGET = 10.1;
			};
			name = Release;
		};
/* End XCBuildConfiguration section */

/* Begin XCConfigurationList section */
		340DAE541D58216A00EC285B /* Build configuration list for PBXNativeTarget "AppAuth-macOS" */ = {
			isa = XCConfigurationList;
			buildConfigurations = (
				340DAE551D58216A00EC285B /* Debug */,
				340DAE561D58216A00EC285B /* Release */,
			);
			defaultConfigurationIsVisible = 0;
			defaultConfigurationName = Release;
		};
		340E73771C5D819B0076B1F6 /* Build configuration list for PBXProject "AppAuth" */ = {
			isa = XCConfigurationList;
			buildConfigurations = (
				340E73831C5D819B0076B1F6 /* Debug */,
				340E73841C5D819B0076B1F6 /* Release */,
			);
			defaultConfigurationIsVisible = 0;
			defaultConfigurationName = Release;
		};
		340E73851C5D819B0076B1F6 /* Build configuration list for PBXNativeTarget "AppAuth-iOS" */ = {
			isa = XCConfigurationList;
			buildConfigurations = (
				340E73861C5D819B0076B1F6 /* Debug */,
				340E73871C5D819B0076B1F6 /* Release */,
			);
			defaultConfigurationIsVisible = 0;
			defaultConfigurationName = Release;
		};
		341741F81C5D8283000EF209 /* Build configuration list for PBXNativeTarget "AppAuthTests" */ = {
			isa = XCConfigurationList;
			buildConfigurations = (
				341741F91C5D8283000EF209 /* Debug */,
				341741FA1C5D8283000EF209 /* Release */,
			);
			defaultConfigurationIsVisible = 0;
			defaultConfigurationName = Release;
		};
		341E70861DE18744004353C1 /* Build configuration list for PBXNativeTarget "AppAuth-tvOS" */ = {
			isa = XCConfigurationList;
			buildConfigurations = (
				341E70841DE18744004353C1 /* Debug */,
				341E70851DE18744004353C1 /* Release */,
			);
			defaultConfigurationIsVisible = 0;
			defaultConfigurationName = Release;
		};
/* End XCConfigurationList section */
	};
	rootObject = 340E73741C5D819B0076B1F6 /* Project object */;
}
